// !$*UTF8*$!
{
	archiveVersion = 1;
	classes = {
	};
	objectVersion = 46;
	objects = {

/* Begin PBXBuildFile section */
		B00D6921162CFCAC00592B1D /* UIKit.framework in Frameworks */ = {isa = PBXBuildFile; fileRef = B00D6920162CFCAC00592B1D /* UIKit.framework */; };
		B00D6923162CFCAC00592B1D /* Foundation.framework in Frameworks */ = {isa = PBXBuildFile; fileRef = B00D6922162CFCAC00592B1D /* Foundation.framework */; };
		B00D6925162CFCAC00592B1D /* CoreGraphics.framework in Frameworks */ = {isa = PBXBuildFile; fileRef = B00D6924162CFCAC00592B1D /* CoreGraphics.framework */; };
		B00D692B162CFCAC00592B1D /* InfoPlist.strings in Resources */ = {isa = PBXBuildFile; fileRef = B00D6929162CFCAC00592B1D /* InfoPlist.strings */; };
		B00D692D162CFCAC00592B1D /* main.m in Sources */ = {isa = PBXBuildFile; fileRef = B00D692C162CFCAC00592B1D /* main.m */; };
		B00D6931162CFCAC00592B1D /* AppDelegate.m in Sources */ = {isa = PBXBuildFile; fileRef = B00D6930162CFCAC00592B1D /* AppDelegate.m */; };
		B00D6934162CFCAC00592B1D /* MainStoryboard.storyboard in Resources */ = {isa = PBXBuildFile; fileRef = B00D6932162CFCAC00592B1D /* MainStoryboard.storyboard */; };
		B00D6937162CFCAC00592B1D /* ViewController.m in Sources */ = {isa = PBXBuildFile; fileRef = B00D6936162CFCAC00592B1D /* ViewController.m */; };
		B00D6940162CFD1C00592B1D /* UIImageView+Screenshot.m in Sources */ = {isa = PBXBuildFile; fileRef = B00D693F162CFD1C00592B1D /* UIImageView+Screenshot.m */; };
		B00D6942162CFDDE00592B1D /* QuartzCore.framework in Frameworks */ = {isa = PBXBuildFile; fileRef = B00D6941162CFDDE00592B1D /* QuartzCore.framework */; };
		B00D694A162D03EA00592B1D /* WUSlideViewController.m in Sources */ = {isa = PBXBuildFile; fileRef = B00D6949162D03EA00592B1D /* WUSlideViewController.m */; };
		E514583A16463F0100533761 /* WUScrollBackgroundView.m in Sources */ = {isa = PBXBuildFile; fileRef = E514583716463F0100533761 /* WUScrollBackgroundView.m */; };
		E514583B16463F0100533761 /* WUTapImageView.m in Sources */ = {isa = PBXBuildFile; fileRef = E514583916463F0100533761 /* WUTapImageView.m */; };
		E514584C16463F3F00533761 /* EventInfoCell.m in Sources */ = {isa = PBXBuildFile; fileRef = E514584116463F3F00533761 /* EventInfoCell.m */; };
		E514584D16463F3F00533761 /* EventInfoCell.xib in Resources */ = {isa = PBXBuildFile; fileRef = E514584216463F3F00533761 /* EventInfoCell.xib */; };
		E514584E16463F3F00533761 /* GroupInfoCell.m in Sources */ = {isa = PBXBuildFile; fileRef = E514584416463F3F00533761 /* GroupInfoCell.m */; };
		E514584F16463F3F00533761 /* GroupInfoCell.xib in Resources */ = {isa = PBXBuildFile; fileRef = E514584516463F3F00533761 /* GroupInfoCell.xib */; };
		E514585016463F3F00533761 /* ScheduleReminderCell.m in Sources */ = {isa = PBXBuildFile; fileRef = E514584716463F3F00533761 /* ScheduleReminderCell.m */; };
		E514585116463F3F00533761 /* ScheduleReminderCell.xib in Resources */ = {isa = PBXBuildFile; fileRef = E514584816463F3F00533761 /* ScheduleReminderCell.xib */; };
		E514585216463F3F00533761 /* SchoolNewsCell.m in Sources */ = {isa = PBXBuildFile; fileRef = E514584A16463F3F00533761 /* SchoolNewsCell.m */; };
		E514585316463F3F00533761 /* SchoolNewsCell.xib in Resources */ = {isa = PBXBuildFile; fileRef = E514584B16463F3F00533761 /* SchoolNewsCell.xib */; };
		E51458571646416D00533761 /* EventInfoViewController.m in Sources */ = {isa = PBXBuildFile; fileRef = E51458561646416D00533761 /* EventInfoViewController.m */; };
		E514585B1646424600533761 /* SchoolNewsViewController.m in Sources */ = {isa = PBXBuildFile; fileRef = E514585A1646424600533761 /* SchoolNewsViewController.m */; };
		E514586D1646459900533761 /* cell_bg.png in Resources */ = {isa = PBXBuildFile; fileRef = E514585D1646459900533761 /* cell_bg.png */; };
		E514586E1646459900533761 /* cell_bg@2x.png in Resources */ = {isa = PBXBuildFile; fileRef = E514585E1646459900533761 /* cell_bg@2x.png */; };
		E514586F1646459900533761 /* favourite_hl.png in Resources */ = {isa = PBXBuildFile; fileRef = E514585F1646459900533761 /* favourite_hl.png */; };
		E51458701646459900533761 /* favourite_hl@2x.png in Resources */ = {isa = PBXBuildFile; fileRef = E51458601646459900533761 /* favourite_hl@2x.png */; };
		E51458711646459900533761 /* favourite_us.png in Resources */ = {isa = PBXBuildFile; fileRef = E51458611646459900533761 /* favourite_us.png */; };
		E51458721646459900533761 /* favourite_us@2x.png in Resources */ = {isa = PBXBuildFile; fileRef = E51458621646459900533761 /* favourite_us@2x.png */; };
		E51458731646459900533761 /* like_hl.png in Resources */ = {isa = PBXBuildFile; fileRef = E51458631646459900533761 /* like_hl.png */; };
		E51458741646459900533761 /* like_hl@2x.png in Resources */ = {isa = PBXBuildFile; fileRef = E51458641646459900533761 /* like_hl@2x.png */; };
		E51458751646459900533761 /* like.png in Resources */ = {isa = PBXBuildFile; fileRef = E51458651646459900533761 /* like.png */; };
		E51458761646459900533761 /* like@2x.png in Resources */ = {isa = PBXBuildFile; fileRef = E51458661646459900533761 /* like@2x.png */; };
		E51458771646459900533761 /* org_vatar.png in Resources */ = {isa = PBXBuildFile; fileRef = E51458671646459900533761 /* org_vatar.png */; };
		E51458781646459900533761 /* org_vatar@2x.png in Resources */ = {isa = PBXBuildFile; fileRef = E51458681646459900533761 /* org_vatar@2x.png */; };
		E51458791646459900533761 /* partition_line.png in Resources */ = {isa = PBXBuildFile; fileRef = E51458691646459900533761 /* partition_line.png */; };
		E514587A1646459900533761 /* partition_line@2x.png in Resources */ = {isa = PBXBuildFile; fileRef = E514586A1646459900533761 /* partition_line@2x.png */; };
		E514587B1646459900533761 /* pop_window.png in Resources */ = {isa = PBXBuildFile; fileRef = E514586B1646459900533761 /* pop_window.png */; };
		E514587C1646459900533761 /* pop_window@2x.png in Resources */ = {isa = PBXBuildFile; fileRef = E514586C1646459900533761 /* pop_window@2x.png */; };
		E514587F164645CD00533761 /* back_btn.png in Resources */ = {isa = PBXBuildFile; fileRef = E514587D164645CD00533761 /* back_btn.png */; };
		E5145880164645CD00533761 /* back_btn@2x.png in Resources */ = {isa = PBXBuildFile; fileRef = E514587E164645CD00533761 /* back_btn@2x.png */; };
		E514588C164645FF00533761 /* dot_blue.png in Resources */ = {isa = PBXBuildFile; fileRef = E5145881164645FF00533761 /* dot_blue.png */; };
		E514588D164645FF00533761 /* dot_blue@2x.png in Resources */ = {isa = PBXBuildFile; fileRef = E5145882164645FF00533761 /* dot_blue@2x.png */; };
		E514588E164645FF00533761 /* dot_gray.png in Resources */ = {isa = PBXBuildFile; fileRef = E5145883164645FF00533761 /* dot_gray.png */; };
		E514588F164645FF00533761 /* dot_gray@2x.png in Resources */ = {isa = PBXBuildFile; fileRef = E5145884164645FF00533761 /* dot_gray@2x.png */; };
		E5145890164645FF00533761 /* dot_yellow.png in Resources */ = {isa = PBXBuildFile; fileRef = E5145885164645FF00533761 /* dot_yellow.png */; };
		E5145891164645FF00533761 /* dot_yellow@2x.png in Resources */ = {isa = PBXBuildFile; fileRef = E5145886164645FF00533761 /* dot_yellow@2x.png */; };
		E5145892164645FF00533761 /* partition_line1.png in Resources */ = {isa = PBXBuildFile; fileRef = E5145887164645FF00533761 /* partition_line1.png */; };
		E5145893164645FF00533761 /* partition_line1@2x.png in Resources */ = {isa = PBXBuildFile; fileRef = E5145888164645FF00533761 /* partition_line1@2x.png */; };
		E5145894164645FF00533761 /* partition_line2.png in Resources */ = {isa = PBXBuildFile; fileRef = E5145889164645FF00533761 /* partition_line2.png */; };
		E5145895164645FF00533761 /* partition_line2@2x.png in Resources */ = {isa = PBXBuildFile; fileRef = E514588A164645FF00533761 /* partition_line2@2x.png */; };
		E5145896164645FF00533761 /* scaleview.png in Resources */ = {isa = PBXBuildFile; fileRef = E514588B164645FF00533761 /* scaleview.png */; };
		E514589A1646478600533761 /* MyFavortieViewController.m in Sources */ = {isa = PBXBuildFile; fileRef = E51458991646478600533761 /* MyFavortieViewController.m */; };
		E51458A11646508500533761 /* TextViewTableCell.m in Sources */ = {isa = PBXBuildFile; fileRef = E51458A01646508500533761 /* TextViewTableCell.m */; };
		E51458A31646509C00533761 /* TextViewTableCell.xib in Resources */ = {isa = PBXBuildFile; fileRef = E51458A21646509C00533761 /* TextViewTableCell.xib */; };
		E51458A6164655B000533761 /* WUTableHeaderView.m in Sources */ = {isa = PBXBuildFile; fileRef = E51458A5164655B000533761 /* WUTableHeaderView.m */; };
		E51458A8164655C700533761 /* WUTableHeaderView.xib in Resources */ = {isa = PBXBuildFile; fileRef = E51458A7164655C600533761 /* WUTableHeaderView.xib */; };
		E523528316317F4800DBFF7C /* nav_left.png in Resources */ = {isa = PBXBuildFile; fileRef = E523527F16317F4800DBFF7C /* nav_left.png */; };
		E523528416317F4800DBFF7C /* nav_left@2x.png in Resources */ = {isa = PBXBuildFile; fileRef = E523528016317F4800DBFF7C /* nav_left@2x.png */; };
		E523529A1631808000DBFF7C /* PersonalWallViewController.m in Sources */ = {isa = PBXBuildFile; fileRef = E52352991631808000DBFF7C /* PersonalWallViewController.m */; };
		E52352AD163184DF00DBFF7C /* yong.jpg in Resources */ = {isa = PBXBuildFile; fileRef = E52352AB163184DF00DBFF7C /* yong.jpg */; };
		E52352AE163184DF00DBFF7C /* yong@2x.jpg in Resources */ = {isa = PBXBuildFile; fileRef = E52352AC163184DF00DBFF7C /* yong@2x.jpg */; };
		E52352BB163185F000DBFF7C /* reco@2x.JPG in Resources */ = {isa = PBXBuildFile; fileRef = E52352B9163185F000DBFF7C /* reco@2x.JPG */; };
		E52352BC163185F000DBFF7C /* reco.JPG in Resources */ = {isa = PBXBuildFile; fileRef = E52352BA163185F000DBFF7C /* reco.JPG */; };
		E52352CA163188FE00DBFF7C /* MiddleAbstractViewController.m in Sources */ = {isa = PBXBuildFile; fileRef = E52352C9163188FE00DBFF7C /* MiddleAbstractViewController.m */; };
		E52352CD16318BFA00DBFF7C /* UIBarButtonItem+CustomButton.m in Sources */ = {isa = PBXBuildFile; fileRef = E52352CC16318BFA00DBFF7C /* UIBarButtonItem+CustomButton.m */; };
		E52352D11631918C00DBFF7C /* LeftMenuViewController.m in Sources */ = {isa = PBXBuildFile; fileRef = E52352D01631918C00DBFF7C /* LeftMenuViewController.m */; };
		E52352D6163192B400DBFF7C /* leftMenuBg.png in Resources */ = {isa = PBXBuildFile; fileRef = E52352D4163192B400DBFF7C /* leftMenuBg.png */; };
		E52352D7163192B400DBFF7C /* separator.png in Resources */ = {isa = PBXBuildFile; fileRef = E52352D5163192B400DBFF7C /* separator.png */; };
		E52352DC1631958C00DBFF7C /* LeftMenuCell.m in Sources */ = {isa = PBXBuildFile; fileRef = E52352DB1631958C00DBFF7C /* LeftMenuCell.m */; };
		E52352DE163195B900DBFF7C /* LeftMenuCell.xib in Resources */ = {isa = PBXBuildFile; fileRef = E52352DD163195B900DBFF7C /* LeftMenuCell.xib */; };
		E52353071631D27800DBFF7C /* CampusViewController.m in Sources */ = {isa = PBXBuildFile; fileRef = E52353061631D27800DBFF7C /* CampusViewController.m */; };
		E52353181631D45D00DBFF7C /* campusBG.png in Resources */ = {isa = PBXBuildFile; fileRef = E52353161631D45C00DBFF7C /* campusBG.png */; };
		E52353191631D45D00DBFF7C /* campusBG@2x.png in Resources */ = {isa = PBXBuildFile; fileRef = E52353171631D45C00DBFF7C /* campusBG@2x.png */; };
		E523531C1631D5AD00DBFF7C /* indictor.png in Resources */ = {isa = PBXBuildFile; fileRef = E523531B1631D5AD00DBFF7C /* indictor.png */; };
		E5482E3D1636E4770054C771 /* LeftMenu.plist in Resources */ = {isa = PBXBuildFile; fileRef = E5482E3C1636E4770054C771 /* LeftMenu.plist */; };
		E5482E411636E5A50054C771 /* PlistReader.m in Sources */ = {isa = PBXBuildFile; fileRef = E5482E401636E5A40054C771 /* PlistReader.m */; };
		E5482E461636E6FE0054C771 /* LeftMenuCellModel.m in Sources */ = {isa = PBXBuildFile; fileRef = E5482E451636E6FE0054C771 /* LeftMenuCellModel.m */; };
		E5482E481636EDC00054C771 /* splash.png in Resources */ = {isa = PBXBuildFile; fileRef = E5482E471636EDC00054C771 /* splash.png */; };
		E5482E4A1636EDED0054C771 /* Default@2x.png in Resources */ = {isa = PBXBuildFile; fileRef = E5482E491636EDEC0054C771 /* Default@2x.png */; };
		E5482E4C1636EE040054C771 /* Default.png in Resources */ = {isa = PBXBuildFile; fileRef = E5482E4B1636EE040054C771 /* Default.png */; };
		E56CE2B7163AF76100467FD7 /* WUButton.m in Sources */ = {isa = PBXBuildFile; fileRef = E56CE2B6163AF76100467FD7 /* WUButton.m */; };
		E56CE2BA163AFF3E00467FD7 /* RecommendCell.m in Sources */ = {isa = PBXBuildFile; fileRef = E56CE2B9163AFF3E00467FD7 /* RecommendCell.m */; };
		E56CE2BC163AFFD200467FD7 /* RecommendCell.xib in Resources */ = {isa = PBXBuildFile; fileRef = E56CE2BB163AFFD200467FD7 /* RecommendCell.xib */; };
		E56CE2C0163B015E00467FD7 /* ticket.png in Resources */ = {isa = PBXBuildFile; fileRef = E56CE2BE163B015E00467FD7 /* ticket.png */; };
		E56CE2C1163B015E00467FD7 /* ticket@2x.png in Resources */ = {isa = PBXBuildFile; fileRef = E56CE2BF163B015E00467FD7 /* ticket@2x.png */; };
		E56CE2C4163B018900467FD7 /* eye_icon.png in Resources */ = {isa = PBXBuildFile; fileRef = E56CE2C2163B018900467FD7 /* eye_icon.png */; };
		E56CE2C5163B018900467FD7 /* eye_icon@2x.png in Resources */ = {isa = PBXBuildFile; fileRef = E56CE2C3163B018900467FD7 /* eye_icon@2x.png */; };
		E5897ADD163D5FA800FE6017 /* block_sl.png in Resources */ = {isa = PBXBuildFile; fileRef = E5897AD9163D5FA800FE6017 /* block_sl.png */; };
		E5897ADE163D5FA800FE6017 /* block_sl@2x.png in Resources */ = {isa = PBXBuildFile; fileRef = E5897ADA163D5FA800FE6017 /* block_sl@2x.png */; };
		E5897ADF163D5FA800FE6017 /* block_unsl.png in Resources */ = {isa = PBXBuildFile; fileRef = E5897ADB163D5FA800FE6017 /* block_unsl.png */; };
		E5897AE0163D5FA800FE6017 /* block_unsl@2x.png in Resources */ = {isa = PBXBuildFile; fileRef = E5897ADC163D5FA800FE6017 /* block_unsl@2x.png */; };
		E5897AEF163D635600FE6017 /* favorite.png in Resources */ = {isa = PBXBuildFile; fileRef = E5897AE7163D635600FE6017 /* favorite.png */; };
		E5897AF0163D635600FE6017 /* favorite@2x.png in Resources */ = {isa = PBXBuildFile; fileRef = E5897AE8163D635600FE6017 /* favorite@2x.png */; };
		E5897AF1163D635600FE6017 /* info.png in Resources */ = {isa = PBXBuildFile; fileRef = E5897AE9163D635600FE6017 /* info.png */; };
		E5897AF2163D635600FE6017 /* info@2x.png in Resources */ = {isa = PBXBuildFile; fileRef = E5897AEA163D635600FE6017 /* info@2x.png */; };
		E5897AF3163D635600FE6017 /* schedule.png in Resources */ = {isa = PBXBuildFile; fileRef = E5897AEB163D635600FE6017 /* schedule.png */; };
		E5897AF4163D635600FE6017 /* schedule@2x.png in Resources */ = {isa = PBXBuildFile; fileRef = E5897AEC163D635600FE6017 /* schedule@2x.png */; };
		E5897AF7163D638D00FE6017 /* remind.png in Resources */ = {isa = PBXBuildFile; fileRef = E5897AF5163D638D00FE6017 /* remind.png */; };
		E5897AF8163D638D00FE6017 /* remind@2x.png in Resources */ = {isa = PBXBuildFile; fileRef = E5897AF6163D638D00FE6017 /* remind@2x.png */; };
		E5897AFB163D64DE00FE6017 /* ReminderCell.m in Sources */ = {isa = PBXBuildFile; fileRef = E5897AFA163D64DE00FE6017 /* ReminderCell.m */; };
		E5897AFD163D64EF00FE6017 /* ReminderCell.xib in Resources */ = {isa = PBXBuildFile; fileRef = E5897AFC163D64EF00FE6017 /* ReminderCell.xib */; };
		E5897B02163D66A600FE6017 /* location.png in Resources */ = {isa = PBXBuildFile; fileRef = E5897AFE163D66A200FE6017 /* location.png */; };
		E5897B03163D66A600FE6017 /* location@2x.png in Resources */ = {isa = PBXBuildFile; fileRef = E5897AFF163D66A300FE6017 /* location@2x.png */; };
		E5897B04163D66A600FE6017 /* time.png in Resources */ = {isa = PBXBuildFile; fileRef = E5897B00163D66A400FE6017 /* time.png */; };
		E5897B05163D66A600FE6017 /* time@2x.png in Resources */ = {isa = PBXBuildFile; fileRef = E5897B01163D66A500FE6017 /* time@2x.png */; };
		E5897B08163D6CCB00FE6017 /* FavoriteCell.m in Sources */ = {isa = PBXBuildFile; fileRef = E5897B07163D6CCA00FE6017 /* FavoriteCell.m */; };
		E5897B0A163D6CDB00FE6017 /* FavoriteCell.xib in Resources */ = {isa = PBXBuildFile; fileRef = E5897B09163D6CDB00FE6017 /* FavoriteCell.xib */; };
		E5897B0D163D6EB500FE6017 /* PersonalInfoCell.m in Sources */ = {isa = PBXBuildFile; fileRef = E5897B0C163D6EB400FE6017 /* PersonalInfoCell.m */; };
		E5897B0F163D6F0B00FE6017 /* PersonalInfoCell.xib in Resources */ = {isa = PBXBuildFile; fileRef = E5897B0E163D6F0B00FE6017 /* PersonalInfoCell.xib */; };
		E5897B12163D6F7600FE6017 /* ScheduleCell.m in Sources */ = {isa = PBXBuildFile; fileRef = E5897B11163D6F7500FE6017 /* ScheduleCell.m */; };
		E5897B14163D6F9200FE6017 /* ScheduleCell.xib in Resources */ = {isa = PBXBuildFile; fileRef = E5897B13163D6F9000FE6017 /* ScheduleCell.xib */; };
		E5D2447C1647BF8900DA43DD /* ArrangementCell.m in Sources */ = {isa = PBXBuildFile; fileRef = E5D2447B1647BF8900DA43DD /* ArrangementCell.m */; };
		E5D2447F1647BFA900DA43DD /* ArrangementCell.xib in Resources */ = {isa = PBXBuildFile; fileRef = E5D2447E1647BFA900DA43DD /* ArrangementCell.xib */; };
		E5D2448F1647C35E00DA43DD /* ArrangementViewController.m in Sources */ = {isa = PBXBuildFile; fileRef = E5D2448E1647C35E00DA43DD /* ArrangementViewController.m */; };
		E5D244921647C69700DA43DD /* WUArrangementSectionHeaderView.m in Sources */ = {isa = PBXBuildFile; fileRef = E5D244911647C69700DA43DD /* WUArrangementSectionHeaderView.m */; };
		E5D244941647C6B700DA43DD /* WUArrangementSectionHeaderView.xib in Resources */ = {isa = PBXBuildFile; fileRef = E5D244931647C6B700DA43DD /* WUArrangementSectionHeaderView.xib */; };
		E5D244991647CD2600DA43DD /* arrange_cell_bg.png in Resources */ = {isa = PBXBuildFile; fileRef = E5D244951647CD2500DA43DD /* arrange_cell_bg.png */; };
		E5D2449A1647CD2600DA43DD /* arrange_cell_bg@2x.png in Resources */ = {isa = PBXBuildFile; fileRef = E5D244961647CD2500DA43DD /* arrange_cell_bg@2x.png */; };
		E5D2449B1647CD2600DA43DD /* arrange_remind_bg.png in Resources */ = {isa = PBXBuildFile; fileRef = E5D244971647CD2500DA43DD /* arrange_remind_bg.png */; };
		E5D2449C1647CD2600DA43DD /* arrange_remind_bg@2x.png in Resources */ = {isa = PBXBuildFile; fileRef = E5D244981647CD2600DA43DD /* arrange_remind_bg@2x.png */; };
		E5FEF4761638418F00FB7A2A /* today.png in Resources */ = {isa = PBXBuildFile; fileRef = E5FEF4741638418F00FB7A2A /* today.png */; };
		E5FEF4771638418F00FB7A2A /* today@2x.png in Resources */ = {isa = PBXBuildFile; fileRef = E5FEF4751638418F00FB7A2A /* today@2x.png */; };
		E5FEF47B1638425600FB7A2A /* navbar.png in Resources */ = {isa = PBXBuildFile; fileRef = E5FEF4791638425600FB7A2A /* navbar.png */; };
		E5FEF47C1638425600FB7A2A /* navbar@2x.png in Resources */ = {isa = PBXBuildFile; fileRef = E5FEF47A1638425600FB7A2A /* navbar@2x.png */; };
		FF710971164CFBE5008F2A06 /* EGORefreshTableFooterView.m in Sources */ = {isa = PBXBuildFile; fileRef = FF71096F164CFBE5008F2A06 /* EGORefreshTableFooterView.m */; settings = {COMPILER_FLAGS = "-fno-objc-arc"; }; };
		FF710978164D0A77008F2A06 /* EGORefreshTableHeaderView.m in Sources */ = {isa = PBXBuildFile; fileRef = FF710977164D0A77008F2A06 /* EGORefreshTableHeaderView.m */; settings = {COMPILER_FLAGS = "-fno-objc-arc"; }; };
		FF710995164D1EB0008F2A06 /* Information+Addition.m in Sources */ = {isa = PBXBuildFile; fileRef = FF710994164D1EB0008F2A06 /* Information+Addition.m */; };
		FF7109AE164D382D008F2A06 /* Star.m in Sources */ = {isa = PBXBuildFile; fileRef = FF7109AD164D382D008F2A06 /* Star.m */; };
		FF7109B1164D39BC008F2A06 /* Information.m in Sources */ = {isa = PBXBuildFile; fileRef = FF7109B0164D39BB008F2A06 /* Information.m */; };
		FF7109B4164D3AFD008F2A06 /* Star+Addition.m in Sources */ = {isa = PBXBuildFile; fileRef = FF7109B3164D3AFC008F2A06 /* Star+Addition.m */; };
		FF7109BA164D4667008F2A06 /* PullRefreshManagement.m in Sources */ = {isa = PBXBuildFile; fileRef = FF7109B9164D4667008F2A06 /* PullRefreshManagement.m */; };
		FFB5AEC6164CDC0A00A232DF /* blackArrow.png in Resources */ = {isa = PBXBuildFile; fileRef = FFB5AEBD164CDC0A00A232DF /* blackArrow.png */; };
		FFB5AEC7164CDC0A00A232DF /* blackArrow@2x.png in Resources */ = {isa = PBXBuildFile; fileRef = FFB5AEBE164CDC0A00A232DF /* blackArrow@2x.png */; };
		FFB5AEC8164CDC0A00A232DF /* blueArrow.png in Resources */ = {isa = PBXBuildFile; fileRef = FFB5AEBF164CDC0A00A232DF /* blueArrow.png */; };
		FFB5AEC9164CDC0A00A232DF /* blueArrow@2x.png in Resources */ = {isa = PBXBuildFile; fileRef = FFB5AEC0164CDC0A00A232DF /* blueArrow@2x.png */; };
		FFB5AECA164CDC0A00A232DF /* grayArrow.png in Resources */ = {isa = PBXBuildFile; fileRef = FFB5AEC1164CDC0A00A232DF /* grayArrow.png */; };
		FFB5AECB164CDC0A00A232DF /* grayArrow@2x.png in Resources */ = {isa = PBXBuildFile; fileRef = FFB5AEC2164CDC0A00A232DF /* grayArrow@2x.png */; };
		FFB5AECC164CDC0A00A232DF /* whiteArrow.png in Resources */ = {isa = PBXBuildFile; fileRef = FFB5AEC3164CDC0A00A232DF /* whiteArrow.png */; };
		FFB5AECD164CDC0A00A232DF /* whiteArrow@2x.png in Resources */ = {isa = PBXBuildFile; fileRef = FFB5AEC4164CDC0A00A232DF /* whiteArrow@2x.png */; };
		FFB7E19E164F3CD3006C9D7F /* navbar_sort_btn@2x.png in Resources */ = {isa = PBXBuildFile; fileRef = FFB7E19D164F3CD3006C9D7F /* navbar_sort_btn@2x.png */; };
		FFBEB29B164B6DA10004AF4C /* CoreData.framework in Frameworks */ = {isa = PBXBuildFile; fileRef = FFBEB29A164B6DA10004AF4C /* CoreData.framework */; };
		FFBEB29E164B6F1B0004AF4C /* CoreDataViewController.m in Sources */ = {isa = PBXBuildFile; fileRef = FFBEB29D164B6F1B0004AF4C /* CoreDataViewController.m */; };
		FFBEB2B6164B89090004AF4C /* WeTongjiCoreDataModels.xcdatamodeld in Sources */ = {isa = PBXBuildFile; fileRef = FFBEB2B4164B89090004AF4C /* WeTongjiCoreDataModels.xcdatamodeld */; };
		FFBEB2CB164B943A0004AF4C /* Event+Addition.m in Sources */ = {isa = PBXBuildFile; fileRef = FFBEB2CA164B943A0004AF4C /* Event+Addition.m */; };
		FFBEB2F5164B9CF70004AF4C /* NSString+Addition.m in Sources */ = {isa = PBXBuildFile; fileRef = FFBEB2F4164B9CF70004AF4C /* NSString+Addition.m */; };
		FFBEB2F8164BA0760004AF4C /* NSArray+Addition.m in Sources */ = {isa = PBXBuildFile; fileRef = FFBEB2F7164BA0760004AF4C /* NSArray+Addition.m */; };
		FFBEB31D164BBFA00004AF4C /* Event.m in Sources */ = {isa = PBXBuildFile; fileRef = FFBEB31C164BBFA00004AF4C /* Event.m */; };
		FFBF9A1C1648439300E3D610 /* libz.1.2.5.dylib in Frameworks */ = {isa = PBXBuildFile; fileRef = FFBF9A1B1648439300E3D610 /* libz.1.2.5.dylib */; };
		FFBF9A1F1648439B00E3D610 /* CFNetwork.framework in Frameworks */ = {isa = PBXBuildFile; fileRef = FFBF9A1E1648439B00E3D610 /* CFNetwork.framework */; };
		FFBF9A21164843A100E3D610 /* MobileCoreServices.framework in Frameworks */ = {isa = PBXBuildFile; fileRef = FFBF9A20164843A100E3D610 /* MobileCoreServices.framework */; };
		FFBF9A23164843A600E3D610 /* SystemConfiguration.framework in Frameworks */ = {isa = PBXBuildFile; fileRef = FFBF9A22164843A600E3D610 /* SystemConfiguration.framework */; };
		FFBF9A25164843AD00E3D610 /* MapKit.framework in Frameworks */ = {isa = PBXBuildFile; fileRef = FFBF9A24164843AD00E3D610 /* MapKit.framework */; };
/* End PBXBuildFile section */

/* Begin PBXContainerItemProxy section */
		FFB03713164BEE5A00157B7D /* PBXContainerItemProxy */ = {
			isa = PBXContainerItemProxy;
			containerPortal = FFB0370A164BEE5A00157B7D /* WeTongjiSDK.xcodeproj */;
			proxyType = 2;
			remoteGlobalIDString = E110DF2B16365B990087EA46;
			remoteInfo = WeTongjiSDK;
		};
		FFB03715164BEE5A00157B7D /* PBXContainerItemProxy */ = {
			isa = PBXContainerItemProxy;
			containerPortal = FFB0370A164BEE5A00157B7D /* WeTongjiSDK.xcodeproj */;
			proxyType = 2;
			remoteGlobalIDString = FF3645DA1647E73700D3A439;
			remoteInfo = WeTongjiSDKtest;
		};
		FFB03717164BEEBD00157B7D /* PBXContainerItemProxy */ = {
			isa = PBXContainerItemProxy;
			containerPortal = FFB0370A164BEE5A00157B7D /* WeTongjiSDK.xcodeproj */;
			proxyType = 1;
			remoteGlobalIDString = E110DF2A16365B990087EA46;
			remoteInfo = WeTongjiSDK;
		};
/* End PBXContainerItemProxy section */

/* Begin PBXFileReference section */
		B00D691C162CFCAC00592B1D /* WeTongji.app */ = {isa = PBXFileReference; explicitFileType = wrapper.application; includeInIndex = 0; path = WeTongji.app; sourceTree = BUILT_PRODUCTS_DIR; };
		B00D6920162CFCAC00592B1D /* UIKit.framework */ = {isa = PBXFileReference; lastKnownFileType = wrapper.framework; name = UIKit.framework; path = System/Library/Frameworks/UIKit.framework; sourceTree = SDKROOT; };
		B00D6922162CFCAC00592B1D /* Foundation.framework */ = {isa = PBXFileReference; lastKnownFileType = wrapper.framework; name = Foundation.framework; path = System/Library/Frameworks/Foundation.framework; sourceTree = SDKROOT; };
		B00D6924162CFCAC00592B1D /* CoreGraphics.framework */ = {isa = PBXFileReference; lastKnownFileType = wrapper.framework; name = CoreGraphics.framework; path = System/Library/Frameworks/CoreGraphics.framework; sourceTree = SDKROOT; };
		B00D6928162CFCAC00592B1D /* WeTongji-Info.plist */ = {isa = PBXFileReference; lastKnownFileType = text.plist.xml; path = "WeTongji-Info.plist"; sourceTree = "<group>"; };
		B00D692A162CFCAC00592B1D /* en */ = {isa = PBXFileReference; lastKnownFileType = text.plist.strings; name = en; path = en.lproj/InfoPlist.strings; sourceTree = "<group>"; };
		B00D692C162CFCAC00592B1D /* main.m */ = {isa = PBXFileReference; lastKnownFileType = sourcecode.c.objc; path = main.m; sourceTree = "<group>"; };
		B00D692E162CFCAC00592B1D /* WeTongji-Prefix.pch */ = {isa = PBXFileReference; lastKnownFileType = sourcecode.c.h; path = "WeTongji-Prefix.pch"; sourceTree = "<group>"; };
		B00D692F162CFCAC00592B1D /* AppDelegate.h */ = {isa = PBXFileReference; lastKnownFileType = sourcecode.c.h; path = AppDelegate.h; sourceTree = "<group>"; };
		B00D6930162CFCAC00592B1D /* AppDelegate.m */ = {isa = PBXFileReference; lastKnownFileType = sourcecode.c.objc; path = AppDelegate.m; sourceTree = "<group>"; };
		B00D6933162CFCAC00592B1D /* en */ = {isa = PBXFileReference; lastKnownFileType = file.storyboard; name = en; path = en.lproj/MainStoryboard.storyboard; sourceTree = "<group>"; };
		B00D6935162CFCAC00592B1D /* ViewController.h */ = {isa = PBXFileReference; lastKnownFileType = sourcecode.c.h; path = ViewController.h; sourceTree = "<group>"; };
		B00D6936162CFCAC00592B1D /* ViewController.m */ = {isa = PBXFileReference; lastKnownFileType = sourcecode.c.objc; path = ViewController.m; sourceTree = "<group>"; };
		B00D693E162CFD1C00592B1D /* UIImageView+Screenshot.h */ = {isa = PBXFileReference; fileEncoding = 4; lastKnownFileType = sourcecode.c.h; path = "UIImageView+Screenshot.h"; sourceTree = "<group>"; };
		B00D693F162CFD1C00592B1D /* UIImageView+Screenshot.m */ = {isa = PBXFileReference; fileEncoding = 4; lastKnownFileType = sourcecode.c.objc; path = "UIImageView+Screenshot.m"; sourceTree = "<group>"; };
		B00D6941162CFDDE00592B1D /* QuartzCore.framework */ = {isa = PBXFileReference; lastKnownFileType = wrapper.framework; name = QuartzCore.framework; path = System/Library/Frameworks/QuartzCore.framework; sourceTree = SDKROOT; };
		B00D6948162D03EA00592B1D /* WUSlideViewController.h */ = {isa = PBXFileReference; fileEncoding = 4; lastKnownFileType = sourcecode.c.h; path = WUSlideViewController.h; sourceTree = "<group>"; };
		B00D6949162D03EA00592B1D /* WUSlideViewController.m */ = {isa = PBXFileReference; fileEncoding = 4; lastKnownFileType = sourcecode.c.objc; path = WUSlideViewController.m; sourceTree = "<group>"; };
		E514583616463F0100533761 /* WUScrollBackgroundView.h */ = {isa = PBXFileReference; fileEncoding = 4; lastKnownFileType = sourcecode.c.h; path = WUScrollBackgroundView.h; sourceTree = "<group>"; };
		E514583716463F0100533761 /* WUScrollBackgroundView.m */ = {isa = PBXFileReference; fileEncoding = 4; lastKnownFileType = sourcecode.c.objc; path = WUScrollBackgroundView.m; sourceTree = "<group>"; };
		E514583816463F0100533761 /* WUTapImageView.h */ = {isa = PBXFileReference; fileEncoding = 4; lastKnownFileType = sourcecode.c.h; path = WUTapImageView.h; sourceTree = "<group>"; };
		E514583916463F0100533761 /* WUTapImageView.m */ = {isa = PBXFileReference; fileEncoding = 4; lastKnownFileType = sourcecode.c.objc; path = WUTapImageView.m; sourceTree = "<group>"; };
		E514584016463F3F00533761 /* EventInfoCell.h */ = {isa = PBXFileReference; fileEncoding = 4; lastKnownFileType = sourcecode.c.h; path = EventInfoCell.h; sourceTree = "<group>"; };
		E514584116463F3F00533761 /* EventInfoCell.m */ = {isa = PBXFileReference; fileEncoding = 4; lastKnownFileType = sourcecode.c.objc; path = EventInfoCell.m; sourceTree = "<group>"; };
		E514584216463F3F00533761 /* EventInfoCell.xib */ = {isa = PBXFileReference; fileEncoding = 4; lastKnownFileType = file.xib; path = EventInfoCell.xib; sourceTree = "<group>"; };
		E514584316463F3F00533761 /* GroupInfoCell.h */ = {isa = PBXFileReference; fileEncoding = 4; lastKnownFileType = sourcecode.c.h; path = GroupInfoCell.h; sourceTree = "<group>"; };
		E514584416463F3F00533761 /* GroupInfoCell.m */ = {isa = PBXFileReference; fileEncoding = 4; lastKnownFileType = sourcecode.c.objc; path = GroupInfoCell.m; sourceTree = "<group>"; };
		E514584516463F3F00533761 /* GroupInfoCell.xib */ = {isa = PBXFileReference; fileEncoding = 4; lastKnownFileType = file.xib; path = GroupInfoCell.xib; sourceTree = "<group>"; };
		E514584616463F3F00533761 /* ScheduleReminderCell.h */ = {isa = PBXFileReference; fileEncoding = 4; lastKnownFileType = sourcecode.c.h; path = ScheduleReminderCell.h; sourceTree = "<group>"; };
		E514584716463F3F00533761 /* ScheduleReminderCell.m */ = {isa = PBXFileReference; fileEncoding = 4; lastKnownFileType = sourcecode.c.objc; path = ScheduleReminderCell.m; sourceTree = "<group>"; };
		E514584816463F3F00533761 /* ScheduleReminderCell.xib */ = {isa = PBXFileReference; fileEncoding = 4; lastKnownFileType = file.xib; path = ScheduleReminderCell.xib; sourceTree = "<group>"; };
		E514584916463F3F00533761 /* SchoolNewsCell.h */ = {isa = PBXFileReference; fileEncoding = 4; lastKnownFileType = sourcecode.c.h; path = SchoolNewsCell.h; sourceTree = "<group>"; };
		E514584A16463F3F00533761 /* SchoolNewsCell.m */ = {isa = PBXFileReference; fileEncoding = 4; lastKnownFileType = sourcecode.c.objc; path = SchoolNewsCell.m; sourceTree = "<group>"; };
		E514584B16463F3F00533761 /* SchoolNewsCell.xib */ = {isa = PBXFileReference; fileEncoding = 4; lastKnownFileType = file.xib; path = SchoolNewsCell.xib; sourceTree = "<group>"; };
		E51458551646416D00533761 /* EventInfoViewController.h */ = {isa = PBXFileReference; fileEncoding = 4; lastKnownFileType = sourcecode.c.h; path = EventInfoViewController.h; sourceTree = "<group>"; };
		E51458561646416D00533761 /* EventInfoViewController.m */ = {isa = PBXFileReference; fileEncoding = 4; lastKnownFileType = sourcecode.c.objc; path = EventInfoViewController.m; sourceTree = "<group>"; };
		E51458591646424600533761 /* SchoolNewsViewController.h */ = {isa = PBXFileReference; fileEncoding = 4; lastKnownFileType = sourcecode.c.h; path = SchoolNewsViewController.h; sourceTree = "<group>"; };
		E514585A1646424600533761 /* SchoolNewsViewController.m */ = {isa = PBXFileReference; fileEncoding = 4; lastKnownFileType = sourcecode.c.objc; path = SchoolNewsViewController.m; sourceTree = "<group>"; };
		E514585D1646459900533761 /* cell_bg.png */ = {isa = PBXFileReference; lastKnownFileType = image.png; path = cell_bg.png; sourceTree = "<group>"; };
		E514585E1646459900533761 /* cell_bg@2x.png */ = {isa = PBXFileReference; lastKnownFileType = image.png; path = "cell_bg@2x.png"; sourceTree = "<group>"; };
		E514585F1646459900533761 /* favourite_hl.png */ = {isa = PBXFileReference; lastKnownFileType = image.png; path = favourite_hl.png; sourceTree = "<group>"; };
		E51458601646459900533761 /* favourite_hl@2x.png */ = {isa = PBXFileReference; lastKnownFileType = image.png; path = "favourite_hl@2x.png"; sourceTree = "<group>"; };
		E51458611646459900533761 /* favourite_us.png */ = {isa = PBXFileReference; lastKnownFileType = image.png; path = favourite_us.png; sourceTree = "<group>"; };
		E51458621646459900533761 /* favourite_us@2x.png */ = {isa = PBXFileReference; lastKnownFileType = image.png; path = "favourite_us@2x.png"; sourceTree = "<group>"; };
		E51458631646459900533761 /* like_hl.png */ = {isa = PBXFileReference; lastKnownFileType = image.png; path = like_hl.png; sourceTree = "<group>"; };
		E51458641646459900533761 /* like_hl@2x.png */ = {isa = PBXFileReference; lastKnownFileType = image.png; path = "like_hl@2x.png"; sourceTree = "<group>"; };
		E51458651646459900533761 /* like.png */ = {isa = PBXFileReference; lastKnownFileType = image.png; path = like.png; sourceTree = "<group>"; };
		E51458661646459900533761 /* like@2x.png */ = {isa = PBXFileReference; lastKnownFileType = image.png; path = "like@2x.png"; sourceTree = "<group>"; };
		E51458671646459900533761 /* org_vatar.png */ = {isa = PBXFileReference; lastKnownFileType = image.png; path = org_vatar.png; sourceTree = "<group>"; };
		E51458681646459900533761 /* org_vatar@2x.png */ = {isa = PBXFileReference; lastKnownFileType = image.png; path = "org_vatar@2x.png"; sourceTree = "<group>"; };
		E51458691646459900533761 /* partition_line.png */ = {isa = PBXFileReference; lastKnownFileType = image.png; path = partition_line.png; sourceTree = "<group>"; };
		E514586A1646459900533761 /* partition_line@2x.png */ = {isa = PBXFileReference; lastKnownFileType = image.png; path = "partition_line@2x.png"; sourceTree = "<group>"; };
		E514586B1646459900533761 /* pop_window.png */ = {isa = PBXFileReference; lastKnownFileType = image.png; path = pop_window.png; sourceTree = "<group>"; };
		E514586C1646459900533761 /* pop_window@2x.png */ = {isa = PBXFileReference; lastKnownFileType = image.png; path = "pop_window@2x.png"; sourceTree = "<group>"; };
		E514587D164645CD00533761 /* back_btn.png */ = {isa = PBXFileReference; lastKnownFileType = image.png; path = back_btn.png; sourceTree = "<group>"; };
		E514587E164645CD00533761 /* back_btn@2x.png */ = {isa = PBXFileReference; lastKnownFileType = image.png; path = "back_btn@2x.png"; sourceTree = "<group>"; };
		E5145881164645FF00533761 /* dot_blue.png */ = {isa = PBXFileReference; lastKnownFileType = image.png; path = dot_blue.png; sourceTree = "<group>"; };
		E5145882164645FF00533761 /* dot_blue@2x.png */ = {isa = PBXFileReference; lastKnownFileType = image.png; path = "dot_blue@2x.png"; sourceTree = "<group>"; };
		E5145883164645FF00533761 /* dot_gray.png */ = {isa = PBXFileReference; lastKnownFileType = image.png; path = dot_gray.png; sourceTree = "<group>"; };
		E5145884164645FF00533761 /* dot_gray@2x.png */ = {isa = PBXFileReference; lastKnownFileType = image.png; path = "dot_gray@2x.png"; sourceTree = "<group>"; };
		E5145885164645FF00533761 /* dot_yellow.png */ = {isa = PBXFileReference; lastKnownFileType = image.png; path = dot_yellow.png; sourceTree = "<group>"; };
		E5145886164645FF00533761 /* dot_yellow@2x.png */ = {isa = PBXFileReference; lastKnownFileType = image.png; path = "dot_yellow@2x.png"; sourceTree = "<group>"; };
		E5145887164645FF00533761 /* partition_line1.png */ = {isa = PBXFileReference; lastKnownFileType = image.png; path = partition_line1.png; sourceTree = "<group>"; };
		E5145888164645FF00533761 /* partition_line1@2x.png */ = {isa = PBXFileReference; lastKnownFileType = image.png; path = "partition_line1@2x.png"; sourceTree = "<group>"; };
		E5145889164645FF00533761 /* partition_line2.png */ = {isa = PBXFileReference; lastKnownFileType = image.png; path = partition_line2.png; sourceTree = "<group>"; };
		E514588A164645FF00533761 /* partition_line2@2x.png */ = {isa = PBXFileReference; lastKnownFileType = image.png; path = "partition_line2@2x.png"; sourceTree = "<group>"; };
		E514588B164645FF00533761 /* scaleview.png */ = {isa = PBXFileReference; lastKnownFileType = image.png; path = scaleview.png; sourceTree = "<group>"; };
		E51458981646478600533761 /* MyFavortieViewController.h */ = {isa = PBXFileReference; fileEncoding = 4; lastKnownFileType = sourcecode.c.h; path = MyFavortieViewController.h; sourceTree = "<group>"; };
		E51458991646478600533761 /* MyFavortieViewController.m */ = {isa = PBXFileReference; fileEncoding = 4; lastKnownFileType = sourcecode.c.objc; path = MyFavortieViewController.m; sourceTree = "<group>"; };
		E514589F1646508500533761 /* TextViewTableCell.h */ = {isa = PBXFileReference; fileEncoding = 4; lastKnownFileType = sourcecode.c.h; path = TextViewTableCell.h; sourceTree = "<group>"; };
		E51458A01646508500533761 /* TextViewTableCell.m */ = {isa = PBXFileReference; fileEncoding = 4; lastKnownFileType = sourcecode.c.objc; path = TextViewTableCell.m; sourceTree = "<group>"; };
		E51458A21646509C00533761 /* TextViewTableCell.xib */ = {isa = PBXFileReference; fileEncoding = 4; lastKnownFileType = file.xib; path = TextViewTableCell.xib; sourceTree = "<group>"; };
		E51458A4164655B000533761 /* WUTableHeaderView.h */ = {isa = PBXFileReference; fileEncoding = 4; lastKnownFileType = sourcecode.c.h; path = WUTableHeaderView.h; sourceTree = "<group>"; };
		E51458A5164655B000533761 /* WUTableHeaderView.m */ = {isa = PBXFileReference; fileEncoding = 4; lastKnownFileType = sourcecode.c.objc; path = WUTableHeaderView.m; sourceTree = "<group>"; };
		E51458A7164655C600533761 /* WUTableHeaderView.xib */ = {isa = PBXFileReference; fileEncoding = 4; lastKnownFileType = file.xib; path = WUTableHeaderView.xib; sourceTree = "<group>"; };
		E523527F16317F4800DBFF7C /* nav_left.png */ = {isa = PBXFileReference; lastKnownFileType = image.png; path = nav_left.png; sourceTree = "<group>"; };
		E523528016317F4800DBFF7C /* nav_left@2x.png */ = {isa = PBXFileReference; lastKnownFileType = image.png; path = "nav_left@2x.png"; sourceTree = "<group>"; };
		E52352981631808000DBFF7C /* PersonalWallViewController.h */ = {isa = PBXFileReference; fileEncoding = 4; lastKnownFileType = sourcecode.c.h; path = PersonalWallViewController.h; sourceTree = "<group>"; };
		E52352991631808000DBFF7C /* PersonalWallViewController.m */ = {isa = PBXFileReference; fileEncoding = 4; lastKnownFileType = sourcecode.c.objc; path = PersonalWallViewController.m; sourceTree = "<group>"; };
		E52352AB163184DF00DBFF7C /* yong.jpg */ = {isa = PBXFileReference; lastKnownFileType = image.jpeg; path = yong.jpg; sourceTree = "<group>"; };
		E52352AC163184DF00DBFF7C /* yong@2x.jpg */ = {isa = PBXFileReference; lastKnownFileType = image.jpeg; path = "yong@2x.jpg"; sourceTree = "<group>"; };
		E52352B9163185F000DBFF7C /* reco@2x.JPG */ = {isa = PBXFileReference; lastKnownFileType = image.jpeg; path = "reco@2x.JPG"; sourceTree = "<group>"; };
		E52352BA163185F000DBFF7C /* reco.JPG */ = {isa = PBXFileReference; lastKnownFileType = image.jpeg; path = reco.JPG; sourceTree = "<group>"; };
		E52352C51631870E00DBFF7C /* Macro.h */ = {isa = PBXFileReference; fileEncoding = 4; lastKnownFileType = sourcecode.c.h; path = Macro.h; sourceTree = "<group>"; };
		E52352C8163188FE00DBFF7C /* MiddleAbstractViewController.h */ = {isa = PBXFileReference; fileEncoding = 4; lastKnownFileType = sourcecode.c.h; path = MiddleAbstractViewController.h; sourceTree = "<group>"; };
		E52352C9163188FE00DBFF7C /* MiddleAbstractViewController.m */ = {isa = PBXFileReference; fileEncoding = 4; lastKnownFileType = sourcecode.c.objc; path = MiddleAbstractViewController.m; sourceTree = "<group>"; };
		E52352CB16318BFA00DBFF7C /* UIBarButtonItem+CustomButton.h */ = {isa = PBXFileReference; fileEncoding = 4; lastKnownFileType = sourcecode.c.h; path = "UIBarButtonItem+CustomButton.h"; sourceTree = "<group>"; };
		E52352CC16318BFA00DBFF7C /* UIBarButtonItem+CustomButton.m */ = {isa = PBXFileReference; fileEncoding = 4; lastKnownFileType = sourcecode.c.objc; path = "UIBarButtonItem+CustomButton.m"; sourceTree = "<group>"; };
		E52352CF1631918C00DBFF7C /* LeftMenuViewController.h */ = {isa = PBXFileReference; fileEncoding = 4; lastKnownFileType = sourcecode.c.h; path = LeftMenuViewController.h; sourceTree = "<group>"; };
		E52352D01631918C00DBFF7C /* LeftMenuViewController.m */ = {isa = PBXFileReference; fileEncoding = 4; lastKnownFileType = sourcecode.c.objc; path = LeftMenuViewController.m; sourceTree = "<group>"; };
		E52352D4163192B400DBFF7C /* leftMenuBg.png */ = {isa = PBXFileReference; lastKnownFileType = image.png; path = leftMenuBg.png; sourceTree = "<group>"; };
		E52352D5163192B400DBFF7C /* separator.png */ = {isa = PBXFileReference; lastKnownFileType = image.png; path = separator.png; sourceTree = "<group>"; };
		E52352DA1631958C00DBFF7C /* LeftMenuCell.h */ = {isa = PBXFileReference; fileEncoding = 4; lastKnownFileType = sourcecode.c.h; path = LeftMenuCell.h; sourceTree = "<group>"; };
		E52352DB1631958C00DBFF7C /* LeftMenuCell.m */ = {isa = PBXFileReference; fileEncoding = 4; lastKnownFileType = sourcecode.c.objc; path = LeftMenuCell.m; sourceTree = "<group>"; };
		E52352DD163195B900DBFF7C /* LeftMenuCell.xib */ = {isa = PBXFileReference; fileEncoding = 4; lastKnownFileType = file.xib; path = LeftMenuCell.xib; sourceTree = "<group>"; };
		E52353051631D27800DBFF7C /* CampusViewController.h */ = {isa = PBXFileReference; fileEncoding = 4; lastKnownFileType = sourcecode.c.h; path = CampusViewController.h; sourceTree = "<group>"; };
		E52353061631D27800DBFF7C /* CampusViewController.m */ = {isa = PBXFileReference; fileEncoding = 4; lastKnownFileType = sourcecode.c.objc; path = CampusViewController.m; sourceTree = "<group>"; };
		E52353161631D45C00DBFF7C /* campusBG.png */ = {isa = PBXFileReference; lastKnownFileType = image.png; path = campusBG.png; sourceTree = "<group>"; };
		E52353171631D45C00DBFF7C /* campusBG@2x.png */ = {isa = PBXFileReference; lastKnownFileType = image.png; path = "campusBG@2x.png"; sourceTree = "<group>"; };
		E523531B1631D5AD00DBFF7C /* indictor.png */ = {isa = PBXFileReference; lastKnownFileType = image.png; path = indictor.png; sourceTree = "<group>"; };
		E5482E3C1636E4770054C771 /* LeftMenu.plist */ = {isa = PBXFileReference; fileEncoding = 4; lastKnownFileType = text.plist.xml; path = LeftMenu.plist; sourceTree = "<group>"; };
		E5482E3F1636E5A40054C771 /* PlistReader.h */ = {isa = PBXFileReference; fileEncoding = 4; lastKnownFileType = sourcecode.c.h; path = PlistReader.h; sourceTree = "<group>"; };
		E5482E401636E5A40054C771 /* PlistReader.m */ = {isa = PBXFileReference; fileEncoding = 4; lastKnownFileType = sourcecode.c.objc; path = PlistReader.m; sourceTree = "<group>"; };
		E5482E441636E6FE0054C771 /* LeftMenuCellModel.h */ = {isa = PBXFileReference; fileEncoding = 4; lastKnownFileType = sourcecode.c.h; path = LeftMenuCellModel.h; sourceTree = "<group>"; };
		E5482E451636E6FE0054C771 /* LeftMenuCellModel.m */ = {isa = PBXFileReference; fileEncoding = 4; lastKnownFileType = sourcecode.c.objc; path = LeftMenuCellModel.m; sourceTree = "<group>"; };
		E5482E471636EDC00054C771 /* splash.png */ = {isa = PBXFileReference; lastKnownFileType = image.png; path = splash.png; sourceTree = "<group>"; };
		E5482E491636EDEC0054C771 /* Default@2x.png */ = {isa = PBXFileReference; lastKnownFileType = image.png; path = "Default@2x.png"; sourceTree = "<group>"; };
		E5482E4B1636EE040054C771 /* Default.png */ = {isa = PBXFileReference; lastKnownFileType = image.png; path = Default.png; sourceTree = "<group>"; };
		E56CE2B5163AF76100467FD7 /* WUButton.h */ = {isa = PBXFileReference; fileEncoding = 4; lastKnownFileType = sourcecode.c.h; path = WUButton.h; sourceTree = "<group>"; };
		E56CE2B6163AF76100467FD7 /* WUButton.m */ = {isa = PBXFileReference; fileEncoding = 4; lastKnownFileType = sourcecode.c.objc; path = WUButton.m; sourceTree = "<group>"; };
		E56CE2B8163AFF3E00467FD7 /* RecommendCell.h */ = {isa = PBXFileReference; fileEncoding = 4; lastKnownFileType = sourcecode.c.h; path = RecommendCell.h; sourceTree = "<group>"; };
		E56CE2B9163AFF3E00467FD7 /* RecommendCell.m */ = {isa = PBXFileReference; fileEncoding = 4; lastKnownFileType = sourcecode.c.objc; path = RecommendCell.m; sourceTree = "<group>"; };
		E56CE2BB163AFFD200467FD7 /* RecommendCell.xib */ = {isa = PBXFileReference; fileEncoding = 4; lastKnownFileType = file.xib; path = RecommendCell.xib; sourceTree = "<group>"; };
		E56CE2BE163B015E00467FD7 /* ticket.png */ = {isa = PBXFileReference; lastKnownFileType = image.png; path = ticket.png; sourceTree = "<group>"; };
		E56CE2BF163B015E00467FD7 /* ticket@2x.png */ = {isa = PBXFileReference; lastKnownFileType = image.png; path = "ticket@2x.png"; sourceTree = "<group>"; };
		E56CE2C2163B018900467FD7 /* eye_icon.png */ = {isa = PBXFileReference; lastKnownFileType = image.png; path = eye_icon.png; sourceTree = "<group>"; };
		E56CE2C3163B018900467FD7 /* eye_icon@2x.png */ = {isa = PBXFileReference; lastKnownFileType = image.png; path = "eye_icon@2x.png"; sourceTree = "<group>"; };
		E5897AD9163D5FA800FE6017 /* block_sl.png */ = {isa = PBXFileReference; lastKnownFileType = image.png; path = block_sl.png; sourceTree = "<group>"; };
		E5897ADA163D5FA800FE6017 /* block_sl@2x.png */ = {isa = PBXFileReference; lastKnownFileType = image.png; path = "block_sl@2x.png"; sourceTree = "<group>"; };
		E5897ADB163D5FA800FE6017 /* block_unsl.png */ = {isa = PBXFileReference; lastKnownFileType = image.png; path = block_unsl.png; sourceTree = "<group>"; };
		E5897ADC163D5FA800FE6017 /* block_unsl@2x.png */ = {isa = PBXFileReference; lastKnownFileType = image.png; path = "block_unsl@2x.png"; sourceTree = "<group>"; };
		E5897AE7163D635600FE6017 /* favorite.png */ = {isa = PBXFileReference; lastKnownFileType = image.png; path = favorite.png; sourceTree = "<group>"; };
		E5897AE8163D635600FE6017 /* favorite@2x.png */ = {isa = PBXFileReference; lastKnownFileType = image.png; path = "favorite@2x.png"; sourceTree = "<group>"; };
		E5897AE9163D635600FE6017 /* info.png */ = {isa = PBXFileReference; lastKnownFileType = image.png; path = info.png; sourceTree = "<group>"; };
		E5897AEA163D635600FE6017 /* info@2x.png */ = {isa = PBXFileReference; lastKnownFileType = image.png; path = "info@2x.png"; sourceTree = "<group>"; };
		E5897AEB163D635600FE6017 /* schedule.png */ = {isa = PBXFileReference; lastKnownFileType = image.png; path = schedule.png; sourceTree = "<group>"; };
		E5897AEC163D635600FE6017 /* schedule@2x.png */ = {isa = PBXFileReference; lastKnownFileType = image.png; path = "schedule@2x.png"; sourceTree = "<group>"; };
		E5897AF5163D638D00FE6017 /* remind.png */ = {isa = PBXFileReference; lastKnownFileType = image.png; path = remind.png; sourceTree = "<group>"; };
		E5897AF6163D638D00FE6017 /* remind@2x.png */ = {isa = PBXFileReference; lastKnownFileType = image.png; path = "remind@2x.png"; sourceTree = "<group>"; };
		E5897AF9163D64DE00FE6017 /* ReminderCell.h */ = {isa = PBXFileReference; fileEncoding = 4; lastKnownFileType = sourcecode.c.h; path = ReminderCell.h; sourceTree = "<group>"; };
		E5897AFA163D64DE00FE6017 /* ReminderCell.m */ = {isa = PBXFileReference; fileEncoding = 4; lastKnownFileType = sourcecode.c.objc; path = ReminderCell.m; sourceTree = "<group>"; };
		E5897AFC163D64EF00FE6017 /* ReminderCell.xib */ = {isa = PBXFileReference; fileEncoding = 4; lastKnownFileType = file.xib; path = ReminderCell.xib; sourceTree = "<group>"; };
		E5897AFE163D66A200FE6017 /* location.png */ = {isa = PBXFileReference; lastKnownFileType = image.png; path = location.png; sourceTree = "<group>"; };
		E5897AFF163D66A300FE6017 /* location@2x.png */ = {isa = PBXFileReference; lastKnownFileType = image.png; path = "location@2x.png"; sourceTree = "<group>"; };
		E5897B00163D66A400FE6017 /* time.png */ = {isa = PBXFileReference; lastKnownFileType = image.png; path = time.png; sourceTree = "<group>"; };
		E5897B01163D66A500FE6017 /* time@2x.png */ = {isa = PBXFileReference; lastKnownFileType = image.png; path = "time@2x.png"; sourceTree = "<group>"; };
		E5897B06163D6CC900FE6017 /* FavoriteCell.h */ = {isa = PBXFileReference; fileEncoding = 4; lastKnownFileType = sourcecode.c.h; path = FavoriteCell.h; sourceTree = "<group>"; };
		E5897B07163D6CCA00FE6017 /* FavoriteCell.m */ = {isa = PBXFileReference; fileEncoding = 4; lastKnownFileType = sourcecode.c.objc; path = FavoriteCell.m; sourceTree = "<group>"; };
		E5897B09163D6CDB00FE6017 /* FavoriteCell.xib */ = {isa = PBXFileReference; fileEncoding = 4; lastKnownFileType = file.xib; path = FavoriteCell.xib; sourceTree = "<group>"; };
		E5897B0B163D6EB300FE6017 /* PersonalInfoCell.h */ = {isa = PBXFileReference; fileEncoding = 4; lastKnownFileType = sourcecode.c.h; path = PersonalInfoCell.h; sourceTree = "<group>"; };
		E5897B0C163D6EB400FE6017 /* PersonalInfoCell.m */ = {isa = PBXFileReference; fileEncoding = 4; lastKnownFileType = sourcecode.c.objc; path = PersonalInfoCell.m; sourceTree = "<group>"; };
		E5897B0E163D6F0B00FE6017 /* PersonalInfoCell.xib */ = {isa = PBXFileReference; fileEncoding = 4; lastKnownFileType = file.xib; path = PersonalInfoCell.xib; sourceTree = "<group>"; };
		E5897B10163D6F7400FE6017 /* ScheduleCell.h */ = {isa = PBXFileReference; fileEncoding = 4; lastKnownFileType = sourcecode.c.h; path = ScheduleCell.h; sourceTree = "<group>"; };
		E5897B11163D6F7500FE6017 /* ScheduleCell.m */ = {isa = PBXFileReference; fileEncoding = 4; lastKnownFileType = sourcecode.c.objc; path = ScheduleCell.m; sourceTree = "<group>"; };
		E5897B13163D6F9000FE6017 /* ScheduleCell.xib */ = {isa = PBXFileReference; fileEncoding = 4; lastKnownFileType = file.xib; path = ScheduleCell.xib; sourceTree = "<group>"; };
		E5D2447A1647BF8900DA43DD /* ArrangementCell.h */ = {isa = PBXFileReference; fileEncoding = 4; lastKnownFileType = sourcecode.c.h; path = ArrangementCell.h; sourceTree = "<group>"; };
		E5D2447B1647BF8900DA43DD /* ArrangementCell.m */ = {isa = PBXFileReference; fileEncoding = 4; lastKnownFileType = sourcecode.c.objc; path = ArrangementCell.m; sourceTree = "<group>"; };
		E5D2447E1647BFA900DA43DD /* ArrangementCell.xib */ = {isa = PBXFileReference; fileEncoding = 4; lastKnownFileType = file.xib; path = ArrangementCell.xib; sourceTree = "<group>"; };
		E5D2448D1647C35E00DA43DD /* ArrangementViewController.h */ = {isa = PBXFileReference; fileEncoding = 4; lastKnownFileType = sourcecode.c.h; path = ArrangementViewController.h; sourceTree = "<group>"; };
		E5D2448E1647C35E00DA43DD /* ArrangementViewController.m */ = {isa = PBXFileReference; fileEncoding = 4; lastKnownFileType = sourcecode.c.objc; path = ArrangementViewController.m; sourceTree = "<group>"; };
		E5D244901647C69700DA43DD /* WUArrangementSectionHeaderView.h */ = {isa = PBXFileReference; fileEncoding = 4; lastKnownFileType = sourcecode.c.h; path = WUArrangementSectionHeaderView.h; sourceTree = "<group>"; };
		E5D244911647C69700DA43DD /* WUArrangementSectionHeaderView.m */ = {isa = PBXFileReference; fileEncoding = 4; lastKnownFileType = sourcecode.c.objc; path = WUArrangementSectionHeaderView.m; sourceTree = "<group>"; };
		E5D244931647C6B700DA43DD /* WUArrangementSectionHeaderView.xib */ = {isa = PBXFileReference; fileEncoding = 4; lastKnownFileType = file.xib; path = WUArrangementSectionHeaderView.xib; sourceTree = "<group>"; };
		E5D244951647CD2500DA43DD /* arrange_cell_bg.png */ = {isa = PBXFileReference; lastKnownFileType = image.png; path = arrange_cell_bg.png; sourceTree = "<group>"; };
		E5D244961647CD2500DA43DD /* arrange_cell_bg@2x.png */ = {isa = PBXFileReference; lastKnownFileType = image.png; path = "arrange_cell_bg@2x.png"; sourceTree = "<group>"; };
		E5D244971647CD2500DA43DD /* arrange_remind_bg.png */ = {isa = PBXFileReference; lastKnownFileType = image.png; path = arrange_remind_bg.png; sourceTree = "<group>"; };
		E5D244981647CD2600DA43DD /* arrange_remind_bg@2x.png */ = {isa = PBXFileReference; lastKnownFileType = image.png; path = "arrange_remind_bg@2x.png"; sourceTree = "<group>"; };
		E5FEF4741638418F00FB7A2A /* today.png */ = {isa = PBXFileReference; lastKnownFileType = image.png; path = today.png; sourceTree = "<group>"; };
		E5FEF4751638418F00FB7A2A /* today@2x.png */ = {isa = PBXFileReference; lastKnownFileType = image.png; path = "today@2x.png"; sourceTree = "<group>"; };
		E5FEF4791638425600FB7A2A /* navbar.png */ = {isa = PBXFileReference; lastKnownFileType = image.png; path = navbar.png; sourceTree = "<group>"; };
		E5FEF47A1638425600FB7A2A /* navbar@2x.png */ = {isa = PBXFileReference; lastKnownFileType = image.png; path = "navbar@2x.png"; sourceTree = "<group>"; };
		FF71096F164CFBE5008F2A06 /* EGORefreshTableFooterView.m */ = {isa = PBXFileReference; fileEncoding = 4; lastKnownFileType = sourcecode.c.objc; path = EGORefreshTableFooterView.m; sourceTree = "<group>"; };
		FF710970164CFBE5008F2A06 /* EGORefreshTableFooterView.h */ = {isa = PBXFileReference; fileEncoding = 4; lastKnownFileType = sourcecode.c.h; path = EGORefreshTableFooterView.h; sourceTree = "<group>"; };
		FF710976164D0A77008F2A06 /* EGORefreshTableHeaderView.h */ = {isa = PBXFileReference; fileEncoding = 4; lastKnownFileType = sourcecode.c.h; path = EGORefreshTableHeaderView.h; sourceTree = "<group>"; };
		FF710977164D0A77008F2A06 /* EGORefreshTableHeaderView.m */ = {isa = PBXFileReference; fileEncoding = 4; lastKnownFileType = sourcecode.c.objc; path = EGORefreshTableHeaderView.m; sourceTree = "<group>"; };
		FF710993164D1EB0008F2A06 /* Information+Addition.h */ = {isa = PBXFileReference; fileEncoding = 4; lastKnownFileType = sourcecode.c.h; path = "Information+Addition.h"; sourceTree = "<group>"; };
		FF710994164D1EB0008F2A06 /* Information+Addition.m */ = {isa = PBXFileReference; fileEncoding = 4; lastKnownFileType = sourcecode.c.objc; path = "Information+Addition.m"; sourceTree = "<group>"; };
		FF7109AC164D382D008F2A06 /* Star.h */ = {isa = PBXFileReference; fileEncoding = 4; lastKnownFileType = sourcecode.c.h; path = Star.h; sourceTree = "<group>"; };
		FF7109AD164D382D008F2A06 /* Star.m */ = {isa = PBXFileReference; fileEncoding = 4; lastKnownFileType = sourcecode.c.objc; path = Star.m; sourceTree = "<group>"; };
		FF7109AF164D39BB008F2A06 /* Information.h */ = {isa = PBXFileReference; fileEncoding = 4; lastKnownFileType = sourcecode.c.h; path = Information.h; sourceTree = "<group>"; };
		FF7109B0164D39BB008F2A06 /* Information.m */ = {isa = PBXFileReference; fileEncoding = 4; lastKnownFileType = sourcecode.c.objc; path = Information.m; sourceTree = "<group>"; };
		FF7109B2164D3AFC008F2A06 /* Star+Addition.h */ = {isa = PBXFileReference; fileEncoding = 4; lastKnownFileType = sourcecode.c.h; path = "Star+Addition.h"; sourceTree = "<group>"; };
		FF7109B3164D3AFC008F2A06 /* Star+Addition.m */ = {isa = PBXFileReference; fileEncoding = 4; lastKnownFileType = sourcecode.c.objc; path = "Star+Addition.m"; sourceTree = "<group>"; };
		FF7109B8164D4667008F2A06 /* PullRefreshManagement.h */ = {isa = PBXFileReference; fileEncoding = 4; lastKnownFileType = sourcecode.c.h; path = PullRefreshManagement.h; sourceTree = "<group>"; };
		FF7109B9164D4667008F2A06 /* PullRefreshManagement.m */ = {isa = PBXFileReference; fileEncoding = 4; lastKnownFileType = sourcecode.c.objc; path = PullRefreshManagement.m; sourceTree = "<group>"; };
		FF9DCF2C164BF94C00EA30E9 /* NSUserDefaults+Addition.h */ = {isa = PBXFileReference; lastKnownFileType = sourcecode.c.h; path = "NSUserDefaults+Addition.h"; sourceTree = "<group>"; };
		FF9DCF2D164BF94C00EA30E9 /* NSUserDefaults+Addition.m */ = {isa = PBXFileReference; lastKnownFileType = sourcecode.c.objc; path = "NSUserDefaults+Addition.m"; sourceTree = "<group>"; };
		FFB0370A164BEE5A00157B7D /* WeTongjiSDK.xcodeproj */ = {isa = PBXFileReference; lastKnownFileType = "wrapper.pb-project"; name = WeTongjiSDK.xcodeproj; path = ../WeTongjiSDK/WeTongjiSDK.xcodeproj; sourceTree = "<group>"; };
		FFB27CC9164E0E32007A51DE /* PullRefreshManagementDelegate.h */ = {isa = PBXFileReference; fileEncoding = 4; lastKnownFileType = sourcecode.c.h; path = PullRefreshManagementDelegate.h; sourceTree = "<group>"; };
		FFB5AEBD164CDC0A00A232DF /* blackArrow.png */ = {isa = PBXFileReference; lastKnownFileType = image.png; path = blackArrow.png; sourceTree = "<group>"; };
		FFB5AEBE164CDC0A00A232DF /* blackArrow@2x.png */ = {isa = PBXFileReference; lastKnownFileType = image.png; path = "blackArrow@2x.png"; sourceTree = "<group>"; };
		FFB5AEBF164CDC0A00A232DF /* blueArrow.png */ = {isa = PBXFileReference; lastKnownFileType = image.png; path = blueArrow.png; sourceTree = "<group>"; };
		FFB5AEC0164CDC0A00A232DF /* blueArrow@2x.png */ = {isa = PBXFileReference; lastKnownFileType = image.png; path = "blueArrow@2x.png"; sourceTree = "<group>"; };
		FFB5AEC1164CDC0A00A232DF /* grayArrow.png */ = {isa = PBXFileReference; lastKnownFileType = image.png; path = grayArrow.png; sourceTree = "<group>"; };
		FFB5AEC2164CDC0A00A232DF /* grayArrow@2x.png */ = {isa = PBXFileReference; lastKnownFileType = image.png; path = "grayArrow@2x.png"; sourceTree = "<group>"; };
		FFB5AEC3164CDC0A00A232DF /* whiteArrow.png */ = {isa = PBXFileReference; lastKnownFileType = image.png; path = whiteArrow.png; sourceTree = "<group>"; };
		FFB5AEC4164CDC0A00A232DF /* whiteArrow@2x.png */ = {isa = PBXFileReference; lastKnownFileType = image.png; path = "whiteArrow@2x.png"; sourceTree = "<group>"; };
		FFB7E19D164F3CD3006C9D7F /* navbar_sort_btn@2x.png */ = {isa = PBXFileReference; lastKnownFileType = image.png; path = "navbar_sort_btn@2x.png"; sourceTree = "<group>"; };
		FFBEB29A164B6DA10004AF4C /* CoreData.framework */ = {isa = PBXFileReference; lastKnownFileType = wrapper.framework; name = CoreData.framework; path = System/Library/Frameworks/CoreData.framework; sourceTree = SDKROOT; };
		FFBEB29C164B6F1B0004AF4C /* CoreDataViewController.h */ = {isa = PBXFileReference; fileEncoding = 4; lastKnownFileType = sourcecode.c.h; path = CoreDataViewController.h; sourceTree = "<group>"; };
		FFBEB29D164B6F1B0004AF4C /* CoreDataViewController.m */ = {isa = PBXFileReference; fileEncoding = 4; lastKnownFileType = sourcecode.c.objc; path = CoreDataViewController.m; sourceTree = "<group>"; };
		FFBEB2B5164B89090004AF4C /* WeTongjiCoreDataModels.xcdatamodel */ = {isa = PBXFileReference; lastKnownFileType = wrapper.xcdatamodel; path = WeTongjiCoreDataModels.xcdatamodel; sourceTree = "<group>"; };
		FFBEB2C9164B943A0004AF4C /* Event+Addition.h */ = {isa = PBXFileReference; fileEncoding = 4; lastKnownFileType = sourcecode.c.h; path = "Event+Addition.h"; sourceTree = "<group>"; };
		FFBEB2CA164B943A0004AF4C /* Event+Addition.m */ = {isa = PBXFileReference; fileEncoding = 4; lastKnownFileType = sourcecode.c.objc; path = "Event+Addition.m"; sourceTree = "<group>"; };
		FFBEB2F3164B9CF70004AF4C /* NSString+Addition.h */ = {isa = PBXFileReference; fileEncoding = 4; lastKnownFileType = sourcecode.c.h; path = "NSString+Addition.h"; sourceTree = "<group>"; };
		FFBEB2F4164B9CF70004AF4C /* NSString+Addition.m */ = {isa = PBXFileReference; fileEncoding = 4; lastKnownFileType = sourcecode.c.objc; path = "NSString+Addition.m"; sourceTree = "<group>"; };
		FFBEB2F6164BA0760004AF4C /* NSArray+Addition.h */ = {isa = PBXFileReference; fileEncoding = 4; lastKnownFileType = sourcecode.c.h; path = "NSArray+Addition.h"; sourceTree = "<group>"; };
		FFBEB2F7164BA0760004AF4C /* NSArray+Addition.m */ = {isa = PBXFileReference; fileEncoding = 4; lastKnownFileType = sourcecode.c.objc; path = "NSArray+Addition.m"; sourceTree = "<group>"; };
		FFBEB31B164BBFA00004AF4C /* Event.h */ = {isa = PBXFileReference; fileEncoding = 4; lastKnownFileType = sourcecode.c.h; path = Event.h; sourceTree = "<group>"; };
		FFBEB31C164BBFA00004AF4C /* Event.m */ = {isa = PBXFileReference; fileEncoding = 4; lastKnownFileType = sourcecode.c.objc; path = Event.m; sourceTree = "<group>"; };
		FFBF9A1B1648439300E3D610 /* libz.1.2.5.dylib */ = {isa = PBXFileReference; lastKnownFileType = "compiled.mach-o.dylib"; name = libz.1.2.5.dylib; path = usr/lib/libz.1.2.5.dylib; sourceTree = SDKROOT; };
		FFBF9A1E1648439B00E3D610 /* CFNetwork.framework */ = {isa = PBXFileReference; lastKnownFileType = wrapper.framework; name = CFNetwork.framework; path = System/Library/Frameworks/CFNetwork.framework; sourceTree = SDKROOT; };
		FFBF9A20164843A100E3D610 /* MobileCoreServices.framework */ = {isa = PBXFileReference; lastKnownFileType = wrapper.framework; name = MobileCoreServices.framework; path = System/Library/Frameworks/MobileCoreServices.framework; sourceTree = SDKROOT; };
		FFBF9A22164843A600E3D610 /* SystemConfiguration.framework */ = {isa = PBXFileReference; lastKnownFileType = wrapper.framework; name = SystemConfiguration.framework; path = System/Library/Frameworks/SystemConfiguration.framework; sourceTree = SDKROOT; };
		FFBF9A24164843AD00E3D610 /* MapKit.framework */ = {isa = PBXFileReference; lastKnownFileType = wrapper.framework; name = MapKit.framework; path = System/Library/Frameworks/MapKit.framework; sourceTree = SDKROOT; };
/* End PBXFileReference section */

/* Begin PBXFrameworksBuildPhase section */
		B00D6919162CFCAC00592B1D /* Frameworks */ = {
			isa = PBXFrameworksBuildPhase;
			buildActionMask = 2147483647;
			files = (
				FFBEB29B164B6DA10004AF4C /* CoreData.framework in Frameworks */,
				FFBF9A25164843AD00E3D610 /* MapKit.framework in Frameworks */,
				FFBF9A23164843A600E3D610 /* SystemConfiguration.framework in Frameworks */,
				FFBF9A21164843A100E3D610 /* MobileCoreServices.framework in Frameworks */,
				FFBF9A1F1648439B00E3D610 /* CFNetwork.framework in Frameworks */,
				FFBF9A1C1648439300E3D610 /* libz.1.2.5.dylib in Frameworks */,
				B00D6942162CFDDE00592B1D /* QuartzCore.framework in Frameworks */,
				B00D6921162CFCAC00592B1D /* UIKit.framework in Frameworks */,
				B00D6923162CFCAC00592B1D /* Foundation.framework in Frameworks */,
				B00D6925162CFCAC00592B1D /* CoreGraphics.framework in Frameworks */,
			);
			runOnlyForDeploymentPostprocessing = 0;
		};
/* End PBXFrameworksBuildPhase section */

/* Begin PBXGroup section */
		B00B6391162FCDB300AD7712 /* Resource */ = {
			isa = PBXGroup;
			children = (
				E5482E471636EDC00054C771 /* splash.png */,
				E52352D31631922500DBFF7C /* MiddleContent */,
				E52352D21631922000DBFF7C /* LeftMenu */,
				E523529C163182B800DBFF7C /* TestImage */,
				E523527E16317F3400DBFF7C /* Navigation */,
				E5482E3C1636E4770054C771 /* LeftMenu.plist */,
			);
			name = Resource;
			sourceTree = "<group>";
		};
		B00D6911162CFCAC00592B1D = {
			isa = PBXGroup;
			children = (
				FFB0370A164BEE5A00157B7D /* WeTongjiSDK.xcodeproj */,
				E5482E4B1636EE040054C771 /* Default.png */,
				E5482E491636EDEC0054C771 /* Default@2x.png */,
				B00D6926162CFCAC00592B1D /* WeTongji */,
				B00D691F162CFCAC00592B1D /* Frameworks */,
				B00D691D162CFCAC00592B1D /* Products */,
			);
			sourceTree = "<group>";
		};
		B00D691D162CFCAC00592B1D /* Products */ = {
			isa = PBXGroup;
			children = (
				B00D691C162CFCAC00592B1D /* WeTongji.app */,
			);
			name = Products;
			sourceTree = "<group>";
		};
		B00D691F162CFCAC00592B1D /* Frameworks */ = {
			isa = PBXGroup;
			children = (
				FFBEB29A164B6DA10004AF4C /* CoreData.framework */,
				FFBF9A24164843AD00E3D610 /* MapKit.framework */,
				FFBF9A22164843A600E3D610 /* SystemConfiguration.framework */,
				FFBF9A20164843A100E3D610 /* MobileCoreServices.framework */,
				FFBF9A1E1648439B00E3D610 /* CFNetwork.framework */,
				FFBF9A1B1648439300E3D610 /* libz.1.2.5.dylib */,
				B00D6941162CFDDE00592B1D /* QuartzCore.framework */,
				B00D6920162CFCAC00592B1D /* UIKit.framework */,
				B00D6922162CFCAC00592B1D /* Foundation.framework */,
				B00D6924162CFCAC00592B1D /* CoreGraphics.framework */,
			);
			name = Frameworks;
			sourceTree = "<group>";
		};
		B00D6926162CFCAC00592B1D /* WeTongji */ = {
			isa = PBXGroup;
			children = (
				FFBEB2AE164B88290004AF4C /* CoreData Models */,
				B00D693D162CFCDF00592B1D /* Category */,
				E5482E431636E6E80054C771 /* Model */,
				E5482E421636E5A90054C771 /* Utility */,
				B00D6947162D03CE00592B1D /* ViewController */,
				B00B6391162FCDB300AD7712 /* Resource */,
				B00D692F162CFCAC00592B1D /* AppDelegate.h */,
				B00D6930162CFCAC00592B1D /* AppDelegate.m */,
				E52352C51631870E00DBFF7C /* Macro.h */,
				B00D6932162CFCAC00592B1D /* MainStoryboard.storyboard */,
				B00D6935162CFCAC00592B1D /* ViewController.h */,
				B00D6936162CFCAC00592B1D /* ViewController.m */,
				B00D6927162CFCAC00592B1D /* Supporting Files */,
			);
			path = WeTongji;
			sourceTree = "<group>";
		};
		B00D6927162CFCAC00592B1D /* Supporting Files */ = {
			isa = PBXGroup;
			children = (
				B00D6928162CFCAC00592B1D /* WeTongji-Info.plist */,
				B00D6929162CFCAC00592B1D /* InfoPlist.strings */,
				B00D692C162CFCAC00592B1D /* main.m */,
				B00D692E162CFCAC00592B1D /* WeTongji-Prefix.pch */,
			);
			name = "Supporting Files";
			sourceTree = "<group>";
		};
		B00D693D162CFCDF00592B1D /* Category */ = {
			isa = PBXGroup;
			children = (
				FF9DCF2C164BF94C00EA30E9 /* NSUserDefaults+Addition.h */,
				FF9DCF2D164BF94C00EA30E9 /* NSUserDefaults+Addition.m */,
				FFBEB2F3164B9CF70004AF4C /* NSString+Addition.h */,
				FFBEB2F4164B9CF70004AF4C /* NSString+Addition.m */,
				B00D693E162CFD1C00592B1D /* UIImageView+Screenshot.h */,
				B00D693F162CFD1C00592B1D /* UIImageView+Screenshot.m */,
				E52352CB16318BFA00DBFF7C /* UIBarButtonItem+CustomButton.h */,
				E52352CC16318BFA00DBFF7C /* UIBarButtonItem+CustomButton.m */,
				FFBEB2F6164BA0760004AF4C /* NSArray+Addition.h */,
				FFBEB2F7164BA0760004AF4C /* NSArray+Addition.m */,
			);
			name = Category;
			sourceTree = "<group>";
		};
		B00D6947162D03CE00592B1D /* ViewController */ = {
			isa = PBXGroup;
			children = (
				E52352CE1631917100DBFF7C /* LeftMenu */,
				E52352C61631883800DBFF7C /* MiddleContent */,
				FFBEB29C164B6F1B0004AF4C /* CoreDataViewController.h */,
				FFBEB29D164B6F1B0004AF4C /* CoreDataViewController.m */,
			);
			name = ViewController;
			sourceTree = "<group>";
		};
		E514583416463EC600533761 /* UIButton */ = {
			isa = PBXGroup;
			children = (
				E56CE2B5163AF76100467FD7 /* WUButton.h */,
				E56CE2B6163AF76100467FD7 /* WUButton.m */,
			);
			name = UIButton;
			sourceTree = "<group>";
		};
		E514583516463ED400533761 /* UIView */ = {
			isa = PBXGroup;
			children = (
				E514583616463F0100533761 /* WUScrollBackgroundView.h */,
				E514583716463F0100533761 /* WUScrollBackgroundView.m */,
				E514583816463F0100533761 /* WUTapImageView.h */,
				E514583916463F0100533761 /* WUTapImageView.m */,
				E51458A4164655B000533761 /* WUTableHeaderView.h */,
				E51458A5164655B000533761 /* WUTableHeaderView.m */,
				E51458A7164655C600533761 /* WUTableHeaderView.xib */,
				E5D244901647C69700DA43DD /* WUArrangementSectionHeaderView.h */,
				E5D244911647C69700DA43DD /* WUArrangementSectionHeaderView.m */,
				E5D244931647C6B700DA43DD /* WUArrangementSectionHeaderView.xib */,
			);
			name = UIView;
			sourceTree = "<group>";
		};
		E51458541646415C00533761 /* Event */ = {
			isa = PBXGroup;
			children = (
				E51458551646416D00533761 /* EventInfoViewController.h */,
				E51458561646416D00533761 /* EventInfoViewController.m */,
			);
			name = Event;
			sourceTree = "<group>";
		};
		E51458581646423400533761 /* SchoolNewsDetail */ = {
			isa = PBXGroup;
			children = (
				E51458591646424600533761 /* SchoolNewsViewController.h */,
				E514585A1646424600533761 /* SchoolNewsViewController.m */,
			);
			name = SchoolNewsDetail;
			sourceTree = "<group>";
		};
		E514585C1646458600533761 /* Event */ = {
			isa = PBXGroup;
			children = (
				E514585D1646459900533761 /* cell_bg.png */,
				E514585E1646459900533761 /* cell_bg@2x.png */,
				E514585F1646459900533761 /* favourite_hl.png */,
				E51458601646459900533761 /* favourite_hl@2x.png */,
				E51458611646459900533761 /* favourite_us.png */,
				E51458621646459900533761 /* favourite_us@2x.png */,
				E51458631646459900533761 /* like_hl.png */,
				E51458641646459900533761 /* like_hl@2x.png */,
				E51458651646459900533761 /* like.png */,
				E51458661646459900533761 /* like@2x.png */,
				E51458671646459900533761 /* org_vatar.png */,
				E51458681646459900533761 /* org_vatar@2x.png */,
				E51458691646459900533761 /* partition_line.png */,
				E514586A1646459900533761 /* partition_line@2x.png */,
				E514586B1646459900533761 /* pop_window.png */,
				E514586C1646459900533761 /* pop_window@2x.png */,
			);
			name = Event;
			sourceTree = "<group>";
		};
		E51458971646476C00533761 /* Myfavorite */ = {
			isa = PBXGroup;
			children = (
				E51458981646478600533761 /* MyFavortieViewController.h */,
				E51458991646478600533761 /* MyFavortieViewController.m */,
			);
			name = Myfavorite;
			sourceTree = "<group>";
		};
		E523527E16317F3400DBFF7C /* Navigation */ = {
			isa = PBXGroup;
			children = (
				E5FEF4791638425600FB7A2A /* navbar.png */,
				E5FEF47A1638425600FB7A2A /* navbar@2x.png */,
				E523527F16317F4800DBFF7C /* nav_left.png */,
				E523528016317F4800DBFF7C /* nav_left@2x.png */,
				FFB7E19D164F3CD3006C9D7F /* navbar_sort_btn@2x.png */,
			);
			name = Navigation;
			sourceTree = "<group>";
		};
		E523528716317F4C00DBFF7C /* Person */ = {
			isa = PBXGroup;
			children = (
				E5D244951647CD2500DA43DD /* arrange_cell_bg.png */,
				E5D244961647CD2500DA43DD /* arrange_cell_bg@2x.png */,
				E5D244971647CD2500DA43DD /* arrange_remind_bg.png */,
				E5D244981647CD2600DA43DD /* arrange_remind_bg@2x.png */,
				E5145881164645FF00533761 /* dot_blue.png */,
				E5145882164645FF00533761 /* dot_blue@2x.png */,
				E5145883164645FF00533761 /* dot_gray.png */,
				E5145884164645FF00533761 /* dot_gray@2x.png */,
				E5145885164645FF00533761 /* dot_yellow.png */,
				E5145886164645FF00533761 /* dot_yellow@2x.png */,
				E5145887164645FF00533761 /* partition_line1.png */,
				E5145888164645FF00533761 /* partition_line1@2x.png */,
				E5145889164645FF00533761 /* partition_line2.png */,
				E514588A164645FF00533761 /* partition_line2@2x.png */,
				E514588B164645FF00533761 /* scaleview.png */,
				E5897AFE163D66A200FE6017 /* location.png */,
				E5897AFF163D66A300FE6017 /* location@2x.png */,
				E5897B00163D66A400FE6017 /* time.png */,
				E5897B01163D66A500FE6017 /* time@2x.png */,
				E5897AF5163D638D00FE6017 /* remind.png */,
				E5897AF6163D638D00FE6017 /* remind@2x.png */,
				E5897AE7163D635600FE6017 /* favorite.png */,
				E5897AE8163D635600FE6017 /* favorite@2x.png */,
				E5897AE9163D635600FE6017 /* info.png */,
				E5897AEA163D635600FE6017 /* info@2x.png */,
				E5897AEB163D635600FE6017 /* schedule.png */,
				E5897AEC163D635600FE6017 /* schedule@2x.png */,
				E5FEF4741638418F00FB7A2A /* today.png */,
				E5FEF4751638418F00FB7A2A /* today@2x.png */,
			);
			name = Person;
			sourceTree = "<group>";
		};
		E523529C163182B800DBFF7C /* TestImage */ = {
			isa = PBXGroup;
			children = (
				E52352B9163185F000DBFF7C /* reco@2x.JPG */,
				E52352BA163185F000DBFF7C /* reco.JPG */,
				E52352AB163184DF00DBFF7C /* yong.jpg */,
				E52352AC163184DF00DBFF7C /* yong@2x.jpg */,
			);
			name = TestImage;
			sourceTree = "<group>";
		};
		E52352C61631883800DBFF7C /* MiddleContent */ = {
			isa = PBXGroup;
			children = (
				B00D6948162D03EA00592B1D /* WUSlideViewController.h */,
				B00D6949162D03EA00592B1D /* WUSlideViewController.m */,
				E52352C71631884000DBFF7C /* PersonWallViewController */,
				E51458541646415C00533761 /* Event */,
				E52353041631D25900DBFF7C /* Campus */,
				E52352C8163188FE00DBFF7C /* MiddleAbstractViewController.h */,
				E52352C9163188FE00DBFF7C /* MiddleAbstractViewController.m */,
			);
			name = MiddleContent;
			sourceTree = "<group>";
		};
		E52352C71631884000DBFF7C /* PersonWallViewController */ = {
			isa = PBXGroup;
			children = (
				E5D2448C1647C34400DA43DD /* Arrangement */,
				E51458971646476C00533761 /* Myfavorite */,
				E52352981631808000DBFF7C /* PersonalWallViewController.h */,
				E52352991631808000DBFF7C /* PersonalWallViewController.m */,
			);
			name = PersonWallViewController;
			sourceTree = "<group>";
		};
		E52352CE1631917100DBFF7C /* LeftMenu */ = {
			isa = PBXGroup;
			children = (
				E52352CF1631918C00DBFF7C /* LeftMenuViewController.h */,
				E52352D01631918C00DBFF7C /* LeftMenuViewController.m */,
			);
			name = LeftMenu;
			sourceTree = "<group>";
		};
		E52352D21631922000DBFF7C /* LeftMenu */ = {
			isa = PBXGroup;
			children = (
				E52352D4163192B400DBFF7C /* leftMenuBg.png */,
				E52352D5163192B400DBFF7C /* separator.png */,
			);
			name = LeftMenu;
			sourceTree = "<group>";
		};
		E52352D31631922500DBFF7C /* MiddleContent */ = {
			isa = PBXGroup;
			children = (
				E514585C1646458600533761 /* Event */,
				E52352F71631D23500DBFF7C /* campus */,
				E523528716317F4C00DBFF7C /* Person */,
			);
			name = MiddleContent;
			sourceTree = "<group>";
		};
		E52352D81631954A00DBFF7C /* Subclass */ = {
			isa = PBXGroup;
			children = (
				E514583516463ED400533761 /* UIView */,
				E514583416463EC600533761 /* UIButton */,
				E52352D91631955C00DBFF7C /* UITableViewCell */,
			);
			name = Subclass;
			sourceTree = "<group>";
		};
		E52352D91631955C00DBFF7C /* UITableViewCell */ = {
			isa = PBXGroup;
			children = (
				E52352DA1631958C00DBFF7C /* LeftMenuCell.h */,
				E52352DB1631958C00DBFF7C /* LeftMenuCell.m */,
				E52352DD163195B900DBFF7C /* LeftMenuCell.xib */,
				E56CE2B8163AFF3E00467FD7 /* RecommendCell.h */,
				E56CE2B9163AFF3E00467FD7 /* RecommendCell.m */,
				E56CE2BB163AFFD200467FD7 /* RecommendCell.xib */,
				E5897AF9163D64DE00FE6017 /* ReminderCell.h */,
				E5897AFA163D64DE00FE6017 /* ReminderCell.m */,
				E5897AFC163D64EF00FE6017 /* ReminderCell.xib */,
				E5897B06163D6CC900FE6017 /* FavoriteCell.h */,
				E5897B07163D6CCA00FE6017 /* FavoriteCell.m */,
				E5897B09163D6CDB00FE6017 /* FavoriteCell.xib */,
				E5897B0B163D6EB300FE6017 /* PersonalInfoCell.h */,
				E5897B0C163D6EB400FE6017 /* PersonalInfoCell.m */,
				E5897B0E163D6F0B00FE6017 /* PersonalInfoCell.xib */,
				E5897B10163D6F7400FE6017 /* ScheduleCell.h */,
				E5897B11163D6F7500FE6017 /* ScheduleCell.m */,
				E5897B13163D6F9000FE6017 /* ScheduleCell.xib */,
				E514584016463F3F00533761 /* EventInfoCell.h */,
				E514584116463F3F00533761 /* EventInfoCell.m */,
				E514584216463F3F00533761 /* EventInfoCell.xib */,
				E514584316463F3F00533761 /* GroupInfoCell.h */,
				E514584416463F3F00533761 /* GroupInfoCell.m */,
				E514584516463F3F00533761 /* GroupInfoCell.xib */,
				E514584616463F3F00533761 /* ScheduleReminderCell.h */,
				E514584716463F3F00533761 /* ScheduleReminderCell.m */,
				E514584816463F3F00533761 /* ScheduleReminderCell.xib */,
				E514584916463F3F00533761 /* SchoolNewsCell.h */,
				E514584A16463F3F00533761 /* SchoolNewsCell.m */,
				E514584B16463F3F00533761 /* SchoolNewsCell.xib */,
				E514589F1646508500533761 /* TextViewTableCell.h */,
				E51458A01646508500533761 /* TextViewTableCell.m */,
				E51458A21646509C00533761 /* TextViewTableCell.xib */,
				E5D2447A1647BF8900DA43DD /* ArrangementCell.h */,
				E5D2447B1647BF8900DA43DD /* ArrangementCell.m */,
				E5D2447E1647BFA900DA43DD /* ArrangementCell.xib */,
			);
			name = UITableViewCell;
			sourceTree = "<group>";
		};
		E52352F71631D23500DBFF7C /* campus */ = {
			isa = PBXGroup;
			children = (
				E56CE2BD163B015200467FD7 /* Recommed */,
				E5897AD9163D5FA800FE6017 /* block_sl.png */,
				E5897ADA163D5FA800FE6017 /* block_sl@2x.png */,
				E5897ADB163D5FA800FE6017 /* block_unsl.png */,
				E5897ADC163D5FA800FE6017 /* block_unsl@2x.png */,
				E523531B1631D5AD00DBFF7C /* indictor.png */,
				E52353161631D45C00DBFF7C /* campusBG.png */,
				E52353171631D45C00DBFF7C /* campusBG@2x.png */,
				E514587D164645CD00533761 /* back_btn.png */,
				E514587E164645CD00533761 /* back_btn@2x.png */,
			);
			path = campus;
			sourceTree = "<group>";
		};
		E52353041631D25900DBFF7C /* Campus */ = {
			isa = PBXGroup;
			children = (
				E51458581646423400533761 /* SchoolNewsDetail */,
				E52353051631D27800DBFF7C /* CampusViewController.h */,
				E52353061631D27800DBFF7C /* CampusViewController.m */,
			);
			name = Campus;
			sourceTree = "<group>";
		};
		E5482E421636E5A90054C771 /* Utility */ = {
			isa = PBXGroup;
			children = (
				FFB5AEB7164CDC0A00A232DF /* EGOTableViewPullRefresh */,
				E5482E3F1636E5A40054C771 /* PlistReader.h */,
				E5482E401636E5A40054C771 /* PlistReader.m */,
				FF7109B8164D4667008F2A06 /* PullRefreshManagement.h */,
				FF7109B9164D4667008F2A06 /* PullRefreshManagement.m */,
				FFB27CC9164E0E32007A51DE /* PullRefreshManagementDelegate.h */,
			);
			name = Utility;
			sourceTree = "<group>";
		};
		E5482E431636E6E80054C771 /* Model */ = {
			isa = PBXGroup;
			children = (
				E52352D81631954A00DBFF7C /* Subclass */,
				E5482E441636E6FE0054C771 /* LeftMenuCellModel.h */,
				E5482E451636E6FE0054C771 /* LeftMenuCellModel.m */,
			);
			name = Model;
			sourceTree = "<group>";
		};
		E56CE2BD163B015200467FD7 /* Recommed */ = {
			isa = PBXGroup;
			children = (
				E56CE2C2163B018900467FD7 /* eye_icon.png */,
				E56CE2C3163B018900467FD7 /* eye_icon@2x.png */,
				E56CE2BE163B015E00467FD7 /* ticket.png */,
				E56CE2BF163B015E00467FD7 /* ticket@2x.png */,
			);
			name = Recommed;
			sourceTree = "<group>";
		};
		E5D2448C1647C34400DA43DD /* Arrangement */ = {
			isa = PBXGroup;
			children = (
				E5D2448D1647C35E00DA43DD /* ArrangementViewController.h */,
				E5D2448E1647C35E00DA43DD /* ArrangementViewController.m */,
			);
			name = Arrangement;
			sourceTree = "<group>";
		};
		FFB0370B164BEE5A00157B7D /* Products */ = {
			isa = PBXGroup;
			children = (
				FFB03714164BEE5A00157B7D /* WeTongjiSDK.framework */,
				FFB03716164BEE5A00157B7D /* WeTongjiSDKtest.app */,
			);
			name = Products;
			sourceTree = "<group>";
		};
		FFB5AEB7164CDC0A00A232DF /* EGOTableViewPullRefresh */ = {
			isa = PBXGroup;
			children = (
				FFB5AEB8164CDC0A00A232DF /* Classes */,
				FFB5AEBC164CDC0A00A232DF /* Resources */,
			);
			path = EGOTableViewPullRefresh;
			sourceTree = "<group>";
		};
		FFB5AEB8164CDC0A00A232DF /* Classes */ = {
			isa = PBXGroup;
			children = (
				FFB5AEB9164CDC0A00A232DF /* View */,
			);
			path = Classes;
			sourceTree = "<group>";
		};
		FFB5AEB9164CDC0A00A232DF /* View */ = {
			isa = PBXGroup;
			children = (
				FF710976164D0A77008F2A06 /* EGORefreshTableHeaderView.h */,
				FF710977164D0A77008F2A06 /* EGORefreshTableHeaderView.m */,
				FF710970164CFBE5008F2A06 /* EGORefreshTableFooterView.h */,
				FF71096F164CFBE5008F2A06 /* EGORefreshTableFooterView.m */,
			);
			path = View;
			sourceTree = "<group>";
		};
		FFB5AEBC164CDC0A00A232DF /* Resources */ = {
			isa = PBXGroup;
			children = (
				FFB5AEBD164CDC0A00A232DF /* blackArrow.png */,
				FFB5AEBE164CDC0A00A232DF /* blackArrow@2x.png */,
				FFB5AEBF164CDC0A00A232DF /* blueArrow.png */,
				FFB5AEC0164CDC0A00A232DF /* blueArrow@2x.png */,
				FFB5AEC1164CDC0A00A232DF /* grayArrow.png */,
				FFB5AEC2164CDC0A00A232DF /* grayArrow@2x.png */,
				FFB5AEC3164CDC0A00A232DF /* whiteArrow.png */,
				FFB5AEC4164CDC0A00A232DF /* whiteArrow@2x.png */,
			);
			path = Resources;
			sourceTree = "<group>";
		};
		FFBEB2AE164B88290004AF4C /* CoreData Models */ = {
			isa = PBXGroup;
			children = (
				FFBEB2B0164B885E0004AF4C /* Categories */,
				FFBEB2AF164B88450004AF4C /* Models */,
				FFBEB2B4164B89090004AF4C /* WeTongjiCoreDataModels.xcdatamodeld */,
			);
			name = "CoreData Models";
			sourceTree = "<group>";
		};
		FFBEB2AF164B88450004AF4C /* Models */ = {
			isa = PBXGroup;
			children = (
				FFBEB31B164BBFA00004AF4C /* Event.h */,
				FFBEB31C164BBFA00004AF4C /* Event.m */,
				FF7109AF164D39BB008F2A06 /* Information.h */,
				FF7109B0164D39BB008F2A06 /* Information.m */,
				FF7109AC164D382D008F2A06 /* Star.h */,
				FF7109AD164D382D008F2A06 /* Star.m */,
			);
			name = Models;
			sourceTree = "<group>";
		};
		FFBEB2B0164B885E0004AF4C /* Categories */ = {
			isa = PBXGroup;
			children = (
				FFBEB2C9164B943A0004AF4C /* Event+Addition.h */,
				FFBEB2CA164B943A0004AF4C /* Event+Addition.m */,
				FF710993164D1EB0008F2A06 /* Information+Addition.h */,
				FF710994164D1EB0008F2A06 /* Information+Addition.m */,
				FF7109B2164D3AFC008F2A06 /* Star+Addition.h */,
				FF7109B3164D3AFC008F2A06 /* Star+Addition.m */,
			);
			name = Categories;
			sourceTree = "<group>";
		};
/* End PBXGroup section */

/* Begin PBXNativeTarget section */
		B00D691B162CFCAC00592B1D /* WeTongji */ = {
			isa = PBXNativeTarget;
			buildConfigurationList = B00D693A162CFCAC00592B1D /* Build configuration list for PBXNativeTarget "WeTongji" */;
			buildPhases = (
				B00D6918162CFCAC00592B1D /* Sources */,
				B00D6919162CFCAC00592B1D /* Frameworks */,
				B00D691A162CFCAC00592B1D /* Resources */,
			);
			buildRules = (
			);
			dependencies = (
				FFB03718164BEEBD00157B7D /* PBXTargetDependency */,
			);
			name = WeTongji;
			productName = WeTongji;
			productReference = B00D691C162CFCAC00592B1D /* WeTongji.app */;
			productType = "com.apple.product-type.application";
		};
/* End PBXNativeTarget section */

/* Begin PBXProject section */
		B00D6913162CFCAC00592B1D /* Project object */ = {
			isa = PBXProject;
			attributes = {
				LastUpgradeCheck = 0430;
			};
			buildConfigurationList = B00D6916162CFCAC00592B1D /* Build configuration list for PBXProject "WeTongji" */;
			compatibilityVersion = "Xcode 3.2";
			developmentRegion = English;
			hasScannedForEncodings = 0;
			knownRegions = (
				en,
			);
			mainGroup = B00D6911162CFCAC00592B1D;
			productRefGroup = B00D691D162CFCAC00592B1D /* Products */;
			projectDirPath = "";
			projectReferences = (
				{
					ProductGroup = FFB0370B164BEE5A00157B7D /* Products */;
					ProjectRef = FFB0370A164BEE5A00157B7D /* WeTongjiSDK.xcodeproj */;
				},
			);
			projectRoot = "";
			targets = (
				B00D691B162CFCAC00592B1D /* WeTongji */,
			);
		};
/* End PBXProject section */

/* Begin PBXReferenceProxy section */
		FFB03714164BEE5A00157B7D /* WeTongjiSDK.framework */ = {
			isa = PBXReferenceProxy;
			fileType = wrapper.cfbundle;
			path = WeTongjiSDK.framework;
			remoteRef = FFB03713164BEE5A00157B7D /* PBXContainerItemProxy */;
			sourceTree = BUILT_PRODUCTS_DIR;
		};
		FFB03716164BEE5A00157B7D /* WeTongjiSDKtest.app */ = {
			isa = PBXReferenceProxy;
			fileType = wrapper.application;
			path = WeTongjiSDKtest.app;
			remoteRef = FFB03715164BEE5A00157B7D /* PBXContainerItemProxy */;
			sourceTree = BUILT_PRODUCTS_DIR;
		};
/* End PBXReferenceProxy section */

/* Begin PBXResourcesBuildPhase section */
		B00D691A162CFCAC00592B1D /* Resources */ = {
			isa = PBXResourcesBuildPhase;
			buildActionMask = 2147483647;
			files = (
				B00D692B162CFCAC00592B1D /* InfoPlist.strings in Resources */,
				B00D6934162CFCAC00592B1D /* MainStoryboard.storyboard in Resources */,
				E523528316317F4800DBFF7C /* nav_left.png in Resources */,
				E523528416317F4800DBFF7C /* nav_left@2x.png in Resources */,
				E52352AD163184DF00DBFF7C /* yong.jpg in Resources */,
				E52352AE163184DF00DBFF7C /* yong@2x.jpg in Resources */,
				E52352BB163185F000DBFF7C /* reco@2x.JPG in Resources */,
				E52352BC163185F000DBFF7C /* reco.JPG in Resources */,
				E52352D6163192B400DBFF7C /* leftMenuBg.png in Resources */,
				E52352D7163192B400DBFF7C /* separator.png in Resources */,
				E52352DE163195B900DBFF7C /* LeftMenuCell.xib in Resources */,
				E52353181631D45D00DBFF7C /* campusBG.png in Resources */,
				E52353191631D45D00DBFF7C /* campusBG@2x.png in Resources */,
				E523531C1631D5AD00DBFF7C /* indictor.png in Resources */,
				E5482E3D1636E4770054C771 /* LeftMenu.plist in Resources */,
				E5482E481636EDC00054C771 /* splash.png in Resources */,
				E5482E4A1636EDED0054C771 /* Default@2x.png in Resources */,
				E5482E4C1636EE040054C771 /* Default.png in Resources */,
				E5FEF4761638418F00FB7A2A /* today.png in Resources */,
				E5FEF4771638418F00FB7A2A /* today@2x.png in Resources */,
				E5FEF47B1638425600FB7A2A /* navbar.png in Resources */,
				E5FEF47C1638425600FB7A2A /* navbar@2x.png in Resources */,
				E56CE2BC163AFFD200467FD7 /* RecommendCell.xib in Resources */,
				E56CE2C0163B015E00467FD7 /* ticket.png in Resources */,
				E56CE2C1163B015E00467FD7 /* ticket@2x.png in Resources */,
				E56CE2C4163B018900467FD7 /* eye_icon.png in Resources */,
				E56CE2C5163B018900467FD7 /* eye_icon@2x.png in Resources */,
				E5897ADD163D5FA800FE6017 /* block_sl.png in Resources */,
				E5897ADE163D5FA800FE6017 /* block_sl@2x.png in Resources */,
				E5897ADF163D5FA800FE6017 /* block_unsl.png in Resources */,
				E5897AE0163D5FA800FE6017 /* block_unsl@2x.png in Resources */,
				E5897AEF163D635600FE6017 /* favorite.png in Resources */,
				E5897AF0163D635600FE6017 /* favorite@2x.png in Resources */,
				E5897AF1163D635600FE6017 /* info.png in Resources */,
				E5897AF2163D635600FE6017 /* info@2x.png in Resources */,
				E5897AF3163D635600FE6017 /* schedule.png in Resources */,
				E5897AF4163D635600FE6017 /* schedule@2x.png in Resources */,
				E5897AF7163D638D00FE6017 /* remind.png in Resources */,
				E5897AF8163D638D00FE6017 /* remind@2x.png in Resources */,
				E5897AFD163D64EF00FE6017 /* ReminderCell.xib in Resources */,
				E5897B02163D66A600FE6017 /* location.png in Resources */,
				E5897B03163D66A600FE6017 /* location@2x.png in Resources */,
				E5897B04163D66A600FE6017 /* time.png in Resources */,
				E5897B05163D66A600FE6017 /* time@2x.png in Resources */,
				E5897B0A163D6CDB00FE6017 /* FavoriteCell.xib in Resources */,
				E5897B0F163D6F0B00FE6017 /* PersonalInfoCell.xib in Resources */,
				E5897B14163D6F9200FE6017 /* ScheduleCell.xib in Resources */,
				E514584D16463F3F00533761 /* EventInfoCell.xib in Resources */,
				E514584F16463F3F00533761 /* GroupInfoCell.xib in Resources */,
				E514585116463F3F00533761 /* ScheduleReminderCell.xib in Resources */,
				E514585316463F3F00533761 /* SchoolNewsCell.xib in Resources */,
				E514586D1646459900533761 /* cell_bg.png in Resources */,
				E514586E1646459900533761 /* cell_bg@2x.png in Resources */,
				E514586F1646459900533761 /* favourite_hl.png in Resources */,
				E51458701646459900533761 /* favourite_hl@2x.png in Resources */,
				E51458711646459900533761 /* favourite_us.png in Resources */,
				E51458721646459900533761 /* favourite_us@2x.png in Resources */,
				E51458731646459900533761 /* like_hl.png in Resources */,
				E51458741646459900533761 /* like_hl@2x.png in Resources */,
				E51458751646459900533761 /* like.png in Resources */,
				E51458761646459900533761 /* like@2x.png in Resources */,
				E51458771646459900533761 /* org_vatar.png in Resources */,
				E51458781646459900533761 /* org_vatar@2x.png in Resources */,
				E51458791646459900533761 /* partition_line.png in Resources */,
				E514587A1646459900533761 /* partition_line@2x.png in Resources */,
				E514587B1646459900533761 /* pop_window.png in Resources */,
				E514587C1646459900533761 /* pop_window@2x.png in Resources */,
				E514587F164645CD00533761 /* back_btn.png in Resources */,
				E5145880164645CD00533761 /* back_btn@2x.png in Resources */,
				E514588C164645FF00533761 /* dot_blue.png in Resources */,
				E514588D164645FF00533761 /* dot_blue@2x.png in Resources */,
				E514588E164645FF00533761 /* dot_gray.png in Resources */,
				E514588F164645FF00533761 /* dot_gray@2x.png in Resources */,
				E5145890164645FF00533761 /* dot_yellow.png in Resources */,
				E5145891164645FF00533761 /* dot_yellow@2x.png in Resources */,
				E5145892164645FF00533761 /* partition_line1.png in Resources */,
				E5145893164645FF00533761 /* partition_line1@2x.png in Resources */,
				E5145894164645FF00533761 /* partition_line2.png in Resources */,
				E5145895164645FF00533761 /* partition_line2@2x.png in Resources */,
				E5145896164645FF00533761 /* scaleview.png in Resources */,
				E51458A31646509C00533761 /* TextViewTableCell.xib in Resources */,
				E51458A8164655C700533761 /* WUTableHeaderView.xib in Resources */,
				E5D2447F1647BFA900DA43DD /* ArrangementCell.xib in Resources */,
				E5D244941647C6B700DA43DD /* WUArrangementSectionHeaderView.xib in Resources */,
				E5D244991647CD2600DA43DD /* arrange_cell_bg.png in Resources */,
				E5D2449A1647CD2600DA43DD /* arrange_cell_bg@2x.png in Resources */,
				E5D2449B1647CD2600DA43DD /* arrange_remind_bg.png in Resources */,
				E5D2449C1647CD2600DA43DD /* arrange_remind_bg@2x.png in Resources */,
				FFB5AEC6164CDC0A00A232DF /* blackArrow.png in Resources */,
				FFB5AEC7164CDC0A00A232DF /* blackArrow@2x.png in Resources */,
				FFB5AEC8164CDC0A00A232DF /* blueArrow.png in Resources */,
				FFB5AEC9164CDC0A00A232DF /* blueArrow@2x.png in Resources */,
				FFB5AECA164CDC0A00A232DF /* grayArrow.png in Resources */,
				FFB5AECB164CDC0A00A232DF /* grayArrow@2x.png in Resources */,
				FFB5AECC164CDC0A00A232DF /* whiteArrow.png in Resources */,
				FFB5AECD164CDC0A00A232DF /* whiteArrow@2x.png in Resources */,
				FFB7E19E164F3CD3006C9D7F /* navbar_sort_btn@2x.png in Resources */,
			);
			runOnlyForDeploymentPostprocessing = 0;
		};
/* End PBXResourcesBuildPhase section */

/* Begin PBXSourcesBuildPhase section */
		B00D6918162CFCAC00592B1D /* Sources */ = {
			isa = PBXSourcesBuildPhase;
			buildActionMask = 2147483647;
			files = (
				B00D692D162CFCAC00592B1D /* main.m in Sources */,
				B00D6931162CFCAC00592B1D /* AppDelegate.m in Sources */,
				B00D6937162CFCAC00592B1D /* ViewController.m in Sources */,
				B00D6940162CFD1C00592B1D /* UIImageView+Screenshot.m in Sources */,
				B00D694A162D03EA00592B1D /* WUSlideViewController.m in Sources */,
				E523529A1631808000DBFF7C /* PersonalWallViewController.m in Sources */,
				E52352CA163188FE00DBFF7C /* MiddleAbstractViewController.m in Sources */,
				E52352CD16318BFA00DBFF7C /* UIBarButtonItem+CustomButton.m in Sources */,
				E52352D11631918C00DBFF7C /* LeftMenuViewController.m in Sources */,
				E52352DC1631958C00DBFF7C /* LeftMenuCell.m in Sources */,
				E52353071631D27800DBFF7C /* CampusViewController.m in Sources */,
				E5482E411636E5A50054C771 /* PlistReader.m in Sources */,
				E5482E461636E6FE0054C771 /* LeftMenuCellModel.m in Sources */,
				E56CE2B7163AF76100467FD7 /* WUButton.m in Sources */,
				E56CE2BA163AFF3E00467FD7 /* RecommendCell.m in Sources */,
				E5897AFB163D64DE00FE6017 /* ReminderCell.m in Sources */,
				E5897B08163D6CCB00FE6017 /* FavoriteCell.m in Sources */,
				E5897B0D163D6EB500FE6017 /* PersonalInfoCell.m in Sources */,
				E5897B12163D6F7600FE6017 /* ScheduleCell.m in Sources */,
				E514583A16463F0100533761 /* WUScrollBackgroundView.m in Sources */,
				E514583B16463F0100533761 /* WUTapImageView.m in Sources */,
				E514584C16463F3F00533761 /* EventInfoCell.m in Sources */,
				E514584E16463F3F00533761 /* GroupInfoCell.m in Sources */,
				E514585016463F3F00533761 /* ScheduleReminderCell.m in Sources */,
				E514585216463F3F00533761 /* SchoolNewsCell.m in Sources */,
				E51458571646416D00533761 /* EventInfoViewController.m in Sources */,
				E514585B1646424600533761 /* SchoolNewsViewController.m in Sources */,
				E514589A1646478600533761 /* MyFavortieViewController.m in Sources */,
				E51458A11646508500533761 /* TextViewTableCell.m in Sources */,
				E51458A6164655B000533761 /* WUTableHeaderView.m in Sources */,
				E5D2447C1647BF8900DA43DD /* ArrangementCell.m in Sources */,
				E5D2448F1647C35E00DA43DD /* ArrangementViewController.m in Sources */,
				E5D244921647C69700DA43DD /* WUArrangementSectionHeaderView.m in Sources */,
				FFBEB29E164B6F1B0004AF4C /* CoreDataViewController.m in Sources */,
				FFBEB2B6164B89090004AF4C /* WeTongjiCoreDataModels.xcdatamodeld in Sources */,
				FFBEB2CB164B943A0004AF4C /* Event+Addition.m in Sources */,
				FFBEB2F5164B9CF70004AF4C /* NSString+Addition.m in Sources */,
				FFBEB2F8164BA0760004AF4C /* NSArray+Addition.m in Sources */,
				FFBEB31D164BBFA00004AF4C /* Event.m in Sources */,
				FF710971164CFBE5008F2A06 /* EGORefreshTableFooterView.m in Sources */,
				FF710978164D0A77008F2A06 /* EGORefreshTableHeaderView.m in Sources */,
				FF710995164D1EB0008F2A06 /* Information+Addition.m in Sources */,
				FF7109AE164D382D008F2A06 /* Star.m in Sources */,
				FF7109B1164D39BC008F2A06 /* Information.m in Sources */,
				FF7109B4164D3AFD008F2A06 /* Star+Addition.m in Sources */,
				FF7109BA164D4667008F2A06 /* PullRefreshManagement.m in Sources */,
			);
			runOnlyForDeploymentPostprocessing = 0;
		};
/* End PBXSourcesBuildPhase section */

/* Begin PBXTargetDependency section */
		FFB03718164BEEBD00157B7D /* PBXTargetDependency */ = {
			isa = PBXTargetDependency;
			name = WeTongjiSDK;
			targetProxy = FFB03717164BEEBD00157B7D /* PBXContainerItemProxy */;
		};
/* End PBXTargetDependency section */

/* Begin PBXVariantGroup section */
		B00D6929162CFCAC00592B1D /* InfoPlist.strings */ = {
			isa = PBXVariantGroup;
			children = (
				B00D692A162CFCAC00592B1D /* en */,
			);
			name = InfoPlist.strings;
			sourceTree = "<group>";
		};
		B00D6932162CFCAC00592B1D /* MainStoryboard.storyboard */ = {
			isa = PBXVariantGroup;
			children = (
				B00D6933162CFCAC00592B1D /* en */,
			);
			name = MainStoryboard.storyboard;
			sourceTree = "<group>";
		};
/* End PBXVariantGroup section */

/* Begin XCBuildConfiguration section */
		B00D6938162CFCAC00592B1D /* Debug */ = {
			isa = XCBuildConfiguration;
			buildSettings = {
				ALWAYS_SEARCH_USER_PATHS = NO;
				ARCHS = "$(ARCHS_STANDARD_32_BIT)";
				CLANG_ENABLE_OBJC_ARC = YES;
				"CODE_SIGN_IDENTITY[sdk=iphoneos*]" = "iPhone Developer";
				COPY_PHASE_STRIP = NO;
				GCC_C_LANGUAGE_STANDARD = gnu99;
				GCC_DYNAMIC_NO_PIC = NO;
				GCC_OPTIMIZATION_LEVEL = 0;
				GCC_PREPROCESSOR_DEFINITIONS = (
					"DEBUG=1",
					"$(inherited)",
				);
				GCC_SYMBOLS_PRIVATE_EXTERN = NO;
				GCC_VERSION = com.apple.compilers.llvm.clang.1_0;
				GCC_WARN_ABOUT_RETURN_TYPE = YES;
				GCC_WARN_UNINITIALIZED_AUTOS = YES;
				GCC_WARN_UNUSED_VARIABLE = YES;
				IPHONEOS_DEPLOYMENT_TARGET = 5.1;
				SDKROOT = iphoneos;
			};
			name = Debug;
		};
		B00D6939162CFCAC00592B1D /* Release */ = {
			isa = XCBuildConfiguration;
			buildSettings = {
				ALWAYS_SEARCH_USER_PATHS = NO;
				ARCHS = "$(ARCHS_STANDARD_32_BIT)";
				CLANG_ENABLE_OBJC_ARC = YES;
				"CODE_SIGN_IDENTITY[sdk=iphoneos*]" = "iPhone Developer";
				COPY_PHASE_STRIP = YES;
				GCC_C_LANGUAGE_STANDARD = gnu99;
				GCC_VERSION = com.apple.compilers.llvm.clang.1_0;
				GCC_WARN_ABOUT_RETURN_TYPE = YES;
				GCC_WARN_UNINITIALIZED_AUTOS = YES;
				GCC_WARN_UNUSED_VARIABLE = YES;
				IPHONEOS_DEPLOYMENT_TARGET = 5.1;
				OTHER_CFLAGS = "-DNS_BLOCK_ASSERTIONS=1";
				SDKROOT = iphoneos;
				VALIDATE_PRODUCT = YES;
			};
			name = Release;
		};
		B00D693B162CFCAC00592B1D /* Debug */ = {
			isa = XCBuildConfiguration;
			buildSettings = {
				FRAMEWORK_SEARCH_PATHS = (
					"$(inherited)",
					"\"$(SRCROOT)/../WeTongjiSDK/frameworks\"",
				);
				GCC_PRECOMPILE_PREFIX_HEADER = YES;
				GCC_PREFIX_HEADER = "WeTongji/WeTongji-Prefix.pch";
				INFOPLIST_FILE = "WeTongji/WeTongji-Info.plist";
				OTHER_LDFLAGS = (
					"-framework",
					WeTongjiSDK,
				);
				PRODUCT_NAME = "$(TARGET_NAME)";
				WRAPPER_EXTENSION = app;
			};
			name = Debug;
		};
		B00D693C162CFCAC00592B1D /* Release */ = {
			isa = XCBuildConfiguration;
			buildSettings = {
				FRAMEWORK_SEARCH_PATHS = (
					"$(inherited)",
					"\"$(SRCROOT)/../WeTongjiSDK/frameworks\"",
				);
				GCC_PRECOMPILE_PREFIX_HEADER = YES;
				GCC_PREFIX_HEADER = "WeTongji/WeTongji-Prefix.pch";
				INFOPLIST_FILE = "WeTongji/WeTongji-Info.plist";
				OTHER_LDFLAGS = (
					"-framework",
					WeTongjiSDK,
				);
				PRODUCT_NAME = "$(TARGET_NAME)";
				WRAPPER_EXTENSION = app;
			};
			name = Release;
		};
/* End XCBuildConfiguration section */

/* Begin XCConfigurationList section */
		B00D6916162CFCAC00592B1D /* Build configuration list for PBXProject "WeTongji" */ = {
			isa = XCConfigurationList;
			buildConfigurations = (
				B00D6938162CFCAC00592B1D /* Debug */,
				B00D6939162CFCAC00592B1D /* Release */,
			);
			defaultConfigurationIsVisible = 0;
			defaultConfigurationName = Release;
		};
		B00D693A162CFCAC00592B1D /* Build configuration list for PBXNativeTarget "WeTongji" */ = {
			isa = XCConfigurationList;
			buildConfigurations = (
				B00D693B162CFCAC00592B1D /* Debug */,
				B00D693C162CFCAC00592B1D /* Release */,
			);
			defaultConfigurationIsVisible = 0;
			defaultConfigurationName = Release;
		};
/* End XCConfigurationList section */

/* Begin XCVersionGroup section */
		FFBEB2B4164B89090004AF4C /* WeTongjiCoreDataModels.xcdatamodeld */ = {
			isa = XCVersionGroup;
			children = (
				FFBEB2B5164B89090004AF4C /* WeTongjiCoreDataModels.xcdatamodel */,
			);
			currentVersion = FFBEB2B5164B89090004AF4C /* WeTongjiCoreDataModels.xcdatamodel */;
			path = WeTongjiCoreDataModels.xcdatamodeld;
			sourceTree = "<group>";
			versionGroupType = wrapper.xcdatamodel;
		};
/* End XCVersionGroup section */
	};
	rootObject = B00D6913162CFCAC00592B1D /* Project object */;
}
